<?xml version="1.0" encoding="utf-8"?>
<Project ToolsVersion="4.0" xmlns="http://schemas.microsoft.com/developer/msbuild/2003">
  <ItemGroup>
    <Filter Include="Sources">
      <UniqueIdentifier>{8b7ed093-66ce-4096-96d2-fbb9faa4bf52}</UniqueIdentifier>
    </Filter>
    <Filter Include="Sources\Modules">
      <UniqueIdentifier>{7b418be2-1631-4a31-9ef2-8a8b234a7339}</UniqueIdentifier>
    </Filter>
    <Filter Include="Sources\Containers">
      <UniqueIdentifier>{afc36133-f401-499a-aa33-0da1e500fb52}</UniqueIdentifier>
    </Filter>
    <Filter Include="Sources\Tools">
      <UniqueIdentifier>{7e4dfaf7-022c-4f7d-92aa-f3b3fa9d6248}</UniqueIdentifier>
    </Filter>
    <Filter Include="Sources\Helpers">
      <UniqueIdentifier>{121f8e6b-df36-4ab0-be0d-601ddfc9e503}</UniqueIdentifier>
    </Filter>
    <Filter Include="Sources\Modules\Game">
      <UniqueIdentifier>{83f46af7-e02f-40c0-9e56-41d76082527b}</UniqueIdentifier>
    </Filter>
  </ItemGroup>
  <ItemGroup>
    <ClInclude Include="Engine\Source\ModuleSceneIntro.h">
      <Filter>Sources\Modules\Game</Filter>
    </ClInclude>
    <ClInclude Include="Engine\Source\Module.h">
      <Filter>Sources\Modules</Filter>
    </ClInclude>
    <ClInclude Include="Engine\Source\ModuleCamera3D.h">
      <Filter>Sources\Modules</Filter>
    </ClInclude>
    <ClInclude Include="Engine\Source\ModuleInput.h">
      <Filter>Sources\Modules</Filter>
    </ClInclude>
    <ClInclude Include="Engine\Source\ModuleRenderer3D.h">
      <Filter>Sources\Modules</Filter>
    </ClInclude>
    <ClInclude Include="Engine\Source\ModuleWindow.h">
      <Filter>Sources\Modules</Filter>
    </ClInclude>
    <ClInclude Include="Engine\Source\Application.h">
      <Filter>Sources</Filter>
    </ClInclude>
    <ClInclude Include="Engine\Source\Globals.h">
      <Filter>Sources</Filter>
    </ClInclude>
    <ClInclude Include="Engine\Source\Timer.h">
      <Filter>Sources\Tools</Filter>
    </ClInclude>
    <ClInclude Include="Engine\Source\Color.h">
      <Filter>Sources\Containers</Filter>
    </ClInclude>
    <ClInclude Include="Engine\Source\Light.h">
      <Filter>Sources\Helpers</Filter>
    </ClInclude>
    <ClInclude Include="Engine\Source\glmath.h">
      <Filter>Sources\Containers</Filter>
    </ClInclude>
    <ClInclude Include="Dependencies\glew\include\GL\eglew.h" />
    <ClInclude Include="Dependencies\glew\include\GL\glew.h" />
    <ClInclude Include="Dependencies\glew\include\GL\glxew.h" />
    <ClInclude Include="Dependencies\glew\include\GL\wglew.h" />
    <ClInclude Include="Engine\Source\Primitive.h">
      <Filter>Sources\Helpers</Filter>
    </ClInclude>
    <ClInclude Include="Engine\Source\ModuleEditor.h">
      <Filter>Sources\Modules</Filter>
    </ClInclude>
    <ClInclude Include="Engine\Source\ConsoleMenu.h">
      <Filter>Sources</Filter>
    </ClInclude>
    <ClInclude Include="Dependencies\json\parson.h" />
    <ClInclude Include="Engine\Source\JsonParsing.h" />
    <ClInclude Include="Dependencies\Imgui\imstb_truetype.h" />
    <ClInclude Include="Dependencies\Imgui\imconfig.h" />
    <ClInclude Include="Dependencies\Imgui\imgui.h" />
    <ClInclude Include="Dependencies\Imgui\imgui_impl_opengl3.h" />
    <ClInclude Include="Dependencies\Imgui\imgui_impl_opengl3_loader.h" />
    <ClInclude Include="Dependencies\Imgui\imgui_impl_sdl.h" />
    <ClInclude Include="Dependencies\Imgui\imgui_internal.h" />
    <ClInclude Include="Dependencies\Imgui\imstb_rectpack.h" />
    <ClInclude Include="Dependencies\Imgui\imstb_textedit.h" />
  </ItemGroup>
  <ItemGroup>
    <ClCompile Include="Engine\Source\ModuleSceneIntro.cpp">
      <Filter>Sources\Modules\Game</Filter>
    </ClCompile>
    <ClCompile Include="Engine\Source\ModuleCamera3D.cpp">
      <Filter>Sources\Modules</Filter>
    </ClCompile>
    <ClCompile Include="Engine\Source\ModuleInput.cpp">
      <Filter>Sources\Modules</Filter>
    </ClCompile>
    <ClCompile Include="Engine\Source\ModuleRenderer3D.cpp">
      <Filter>Sources\Modules</Filter>
    </ClCompile>
    <ClCompile Include="Engine\Source\ModuleWindow.cpp">
      <Filter>Sources\Modules</Filter>
    </ClCompile>
    <ClCompile Include="Engine\Source\Application.cpp">
      <Filter>Sources</Filter>
    </ClCompile>
    <ClCompile Include="Engine\Source\Main.cpp">
      <Filter>Sources</Filter>
    </ClCompile>
    <ClCompile Include="Engine\Source\log.cpp">
      <Filter>Sources\Tools</Filter>
    </ClCompile>
    <ClCompile Include="Engine\Source\Timer.cpp">
      <Filter>Sources\Tools</Filter>
    </ClCompile>
    <ClCompile Include="Engine\Source\Color.cpp">
      <Filter>Sources\Containers</Filter>
    </ClCompile>
    <ClCompile Include="Engine\Source\Light.cpp">
      <Filter>Sources\Helpers</Filter>
    </ClCompile>
    <ClCompile Include="Engine\Source\glmath.cpp">
      <Filter>Sources\Containers</Filter>
    </ClCompile>
    <ClCompile Include="Engine\Source\Primitive.cpp">
      <Filter>Sources\Helpers</Filter>
    </ClCompile>
    <ClCompile Include="Engine\Source\ModuleEditor.cpp">
      <Filter>Sources\Modules</Filter>
    </ClCompile>
    <ClCompile Include="Engine\Source\ConsoleMenu.cpp">
      <Filter>Sources</Filter>
    </ClCompile>
    <ClCompile Include="Dependencies\json\parson.c" />
    <ClCompile Include="Engine\Source\JsonParsing.cpp" />
    <ClCompile Include="Dependencies\Imgui\imgui.cpp" />
    <ClCompile Include="Dependencies\Imgui\imgui_demo.cpp" />
    <ClCompile Include="Dependencies\Imgui\imgui_draw.cpp" />
    <ClCompile Include="Dependencies\Imgui\imgui_impl_opengl3.cpp" />
    <ClCompile Include="Dependencies\Imgui\imgui_impl_sdl.cpp" />
    <ClCompile Include="Dependencies\Imgui\imgui_tables.cpp" />
    <ClCompile Include="Dependencies\Imgui\imgui_widgets.cpp" />
  </ItemGroup>
</Project>