<?xml version="1.0" encoding="utf-8"?>
<Project ToolsVersion="4.0" xmlns="http://schemas.microsoft.com/developer/msbuild/2003">
  <ItemGroup>
    <Filter Include="Sources">
      <UniqueIdentifier>{8b7ed093-66ce-4096-96d2-fbb9faa4bf52}</UniqueIdentifier>
    </Filter>
    <Filter Include="Sources\Modules">
      <UniqueIdentifier>{7b418be2-1631-4a31-9ef2-8a8b234a7339}</UniqueIdentifier>
    </Filter>
    <Filter Include="Sources\Containers">
      <UniqueIdentifier>{afc36133-f401-499a-aa33-0da1e500fb52}</UniqueIdentifier>
    </Filter>
    <Filter Include="Sources\Tools">
      <UniqueIdentifier>{7e4dfaf7-022c-4f7d-92aa-f3b3fa9d6248}</UniqueIdentifier>
    </Filter>
    <Filter Include="Sources\Helpers">
      <UniqueIdentifier>{121f8e6b-df36-4ab0-be0d-601ddfc9e503}</UniqueIdentifier>
    </Filter>
    <Filter Include="Sources\Libraries">
      <UniqueIdentifier>{4151a58e-da1f-404e-9562-e6bafb6439cc}</UniqueIdentifier>
    </Filter>
    <Filter Include="Sources\Libraries\Glew">
      <UniqueIdentifier>{f1442131-92ee-444c-a2b8-4b277525dbce}</UniqueIdentifier>
    </Filter>
    <Filter Include="Sources\Libraries\Imgui">
      <UniqueIdentifier>{e7ffaeb1-b797-4a6b-b5d0-e5c512547ed7}</UniqueIdentifier>
    </Filter>
    <Filter Include="Sources\Libraries\Json">
      <UniqueIdentifier>{d663f6c4-7d79-4712-b249-d682a75cbce1}</UniqueIdentifier>
    </Filter>
    <Filter Include="Sources\Libraries\Mmgr">
      <UniqueIdentifier>{74524c20-a52e-44fb-92b8-1afadfd99e75}</UniqueIdentifier>
    </Filter>
    <Filter Include="Sources\Menus">
      <UniqueIdentifier>{c485172c-6561-4cb6-a863-2a63fdf06e04}</UniqueIdentifier>
    </Filter>
    <Filter Include="Sources\GameObject">
      <UniqueIdentifier>{605491ab-7daf-462f-a09a-bf69974fdf62}</UniqueIdentifier>
    </Filter>
    <Filter Include="Sources\GameObject\Components">
      <UniqueIdentifier>{42270041-6858-44b8-a2a6-b4fae0477f9f}</UniqueIdentifier>
    </Filter>
    <Filter Include="Sources\Buffers">
      <UniqueIdentifier>{2caa784c-4ed5-42a4-9742-39ce57bcd3cb}</UniqueIdentifier>
    </Filter>
    <Filter Include="Sources\Resources">
      <UniqueIdentifier>{26d5840f-16b5-46f9-9d16-8f4c7e057a77}</UniqueIdentifier>
    </Filter>
    <Filter Include="Sources\Resources\Importers">
      <UniqueIdentifier>{3c644c45-199c-460f-9c95-bb1da2fa630e}</UniqueIdentifier>
    </Filter>
    <Filter Include="Sources\Libraries\WWise">
      <UniqueIdentifier>{bd1af3b5-ca65-4c5d-adab-cf27c3be5b4b}</UniqueIdentifier>
    </Filter>
    <Filter Include="Particles">
      <UniqueIdentifier>{95424e2e-e040-492b-8903-1d24fb42ec54}</UniqueIdentifier>
    </Filter>
    <Filter Include="Particles\Effects">
      <UniqueIdentifier>{744104ab-de48-4d81-a240-c4777741af2e}</UniqueIdentifier>
    </Filter>
    <Filter Include="Sources\Libraries\PugiXML">
      <UniqueIdentifier>{e2e9269a-6c3b-4f29-b464-363e28b54c9a}</UniqueIdentifier>
    </Filter>
    <Filter Include="Sources\Commands">
      <UniqueIdentifier>{6c54a952-fc50-4805-b3b5-7fb3fd1c7100}</UniqueIdentifier>
    </Filter>
    <Filter Include="Sources\Libraries\MathGeoLib">
      <UniqueIdentifier>{07ff1a3b-03c9-447f-942c-540f0dc0c782}</UniqueIdentifier>
    </Filter>
    <Filter Include="PhysicsEngine">
      <UniqueIdentifier>{caaeba32-e8fd-448a-a552-88a21bcf8e7b}</UniqueIdentifier>
    </Filter>
    <Filter Include="Sources\Tools\Bindings">
      <UniqueIdentifier>{5c47b0eb-4345-495a-98f2-1a9e26e42dba}</UniqueIdentifier>
    </Filter>
    <Filter Include="Sources\GameObject\Components\UI">
      <UniqueIdentifier>{e7c2aa50-fdb9-4519-ac74-100049977be3}</UniqueIdentifier>
    </Filter>
    <Filter Include="Sources\Libraries\RecastDetour">
      <UniqueIdentifier>{58372d26-6a47-44e6-9840-a670bd587a4b}</UniqueIdentifier>
    </Filter>
    <Filter Include="Sources\Libraries\RecastDetour\Detour">
      <UniqueIdentifier>{092b5690-982b-4223-8de3-c05ac588f021}</UniqueIdentifier>
    </Filter>
    <Filter Include="Sources\Libraries\RecastDetour\DetourTileCache">
      <UniqueIdentifier>{226045b1-1767-44e0-8a09-2340fb6efcfb}</UniqueIdentifier>
    </Filter>
    <Filter Include="Sources\Libraries\RecastDetour\Recast">
      <UniqueIdentifier>{3519ba21-f7d3-4aa1-8b2f-986de673a97a}</UniqueIdentifier>
    </Filter>
    <Filter Include="Sources\Libraries\RecastDetour\DetourCrowd">
      <UniqueIdentifier>{c359254e-8161-490d-b0d5-cd504e6de230}</UniqueIdentifier>
    </Filter>
    <Filter Include="Sources\Libraries\RecastDetour\DebugUtils">
      <UniqueIdentifier>{f4ea8377-05e1-4c9f-bec2-0007fcd46baf}</UniqueIdentifier>
    </Filter>
    <Filter Include="Particles\Effects\SpawningShapes">
      <UniqueIdentifier>{2df73535-23b9-4464-9a07-0db8ba2300b7}</UniqueIdentifier>
    </Filter>
  </ItemGroup>
  <ItemGroup>
    <ClInclude Include="Engine\Source\Module.h">
      <Filter>Sources\Modules</Filter>
    </ClInclude>
    <ClInclude Include="Engine\Source\ModuleCamera3D.h">
      <Filter>Sources\Modules</Filter>
    </ClInclude>
    <ClInclude Include="Engine\Source\ModuleInput.h">
      <Filter>Sources\Modules</Filter>
    </ClInclude>
    <ClInclude Include="Engine\Source\ModuleRenderer3D.h">
      <Filter>Sources\Modules</Filter>
    </ClInclude>
    <ClInclude Include="Engine\Source\ModuleWindow.h">
      <Filter>Sources\Modules</Filter>
    </ClInclude>
    <ClInclude Include="Engine\Source\Application.h">
      <Filter>Sources</Filter>
    </ClInclude>
    <ClInclude Include="Engine\Source\Timer.h">
      <Filter>Sources\Tools</Filter>
    </ClInclude>
    <ClInclude Include="Engine\Source\Color.h">
      <Filter>Sources\Containers</Filter>
    </ClInclude>
    <ClCompile Include="Engine\Source\glmath.cpp">
      <Filter>Sources\Containers</Filter>
    </ClCompile>
    <ClCompile Include="Engine\Source\Primitive.cpp">
      <Filter>Sources\Materials\Helpers</Filter>
    </ClCompile>
    <ClCompile Include="Engine\Source\Shader.cpp">
      <Filter>Sources\Materials</Filter>
    </ClCompile>
    <ClCompile Include="Engine\Source\Viewport.cpp">
      <Filter>Sources\Menus</Filter>
    </ClCompile>
    <ClCompile Include="Engine\Source\TextEditorMenu.cpp">
      <Filter>Sources\Menus</Filter>
    </ClCompile>
    <ClCompile Include="Engine\Source\NavigatorMenu.cpp">
      <Filter>Sources\Menus</Filter>
    </ClCompile>
    <ClCompile Include="Engine\Source\MainMenuBar.cpp">
      <Filter>Sources\Menus</Filter>
    </ClCompile>
    <ClCompile Include="Engine\Source\InspectorMenu.cpp">
      <Filter>Sources\Menus</Filter>
    </ClCompile>
    <ClCompile Include="Engine\Source\HierarchyMenu.cpp">
      <Filter>Sources\Menus</Filter>
    </ClCompile>
    <ClCompile Include="Engine\Source\GameView.cpp">
      <Filter>Sources\Menus</Filter>
    </ClCompile>
    <ClCompile Include="Engine\Source\FogWarMenu.cpp">
      <Filter>Sources\Menus</Filter>
    </ClCompile>
    <ClCompile Include="Engine\Source\ContentBrowserMenu.cpp">
      <Filter>Sources\Menus</Filter>
    </ClCompile>
    <ClCompile Include="Engine\Source\ConsoleMenu.cpp">
      <Filter>Sources\Menus</Filter>
    </ClCompile>
    <ClCompile Include="Engine\Source\ConfigurationMenu.cpp">
      <Filter>Sources\Menus</Filter>
    </ClCompile>
    <ClCompile Include="Engine\Source\AboutMenu.cpp">
      <Filter>Sources\Menus</Filter>
    </ClCompile>
    <ClCompile Include="Engine\Source\MonoManager.cpp">
      <Filter>Sources\Modules</Filter>
    </ClCompile>
    <ClCompile Include="Engine\Source\ModuleWindow.cpp">
      <Filter>Sources\Modules</Filter>
    </ClCompile>
    <ClCompile Include="Engine\Source\ModuleUI.cpp">
      <Filter>Sources\Modules</Filter>
    </ClCompile>
    <ClCompile Include="Engine\Source\ModuleRenderer3D.cpp">
      <Filter>Sources\Modules</Filter>
    </ClCompile>
    <ClCompile Include="Engine\Source\ModuleNavMesh.cpp">
      <Filter>Sources\Modules</Filter>
    </ClCompile>
    <ClCompile Include="Engine\Source\ModuleInput.cpp">
      <Filter>Sources\Modules</Filter>
    </ClCompile>
    <ClCompile Include="Engine\Source\ModuleEditor.cpp">
      <Filter>Sources\Modules</Filter>
    </ClCompile>
    <ClCompile Include="Engine\Source\ModuleCamera3D.cpp">
      <Filter>Sources\Modules</Filter>
    </ClCompile>
    <ClCompile Include="Engine\Source\AudioManager.cpp">
      <Filter>Sources\Modules</Filter>
    </ClCompile>
    <ClCompile Include="Engine\Source\TransformComponent.cpp">
      <Filter>Sources\GameObject\Components</Filter>
    </ClCompile>
    <ClCompile Include="Engine\Source\ScriptComponent.cpp">
      <Filter>Sources\GameObject\Components</Filter>
    </ClCompile>
    <ClInclude Include="Engine\Source\Particle.h">
      <Filter>Particles</Filter>
    </ClInclude>
    <ClInclude Include="Engine\Source\ParticleEmitter.h">
      <Filter>Particles</Filter>
    </ClInclude>
    <ClInclude Include="Engine\Source\BillboardParticleComponent.h">
      <Filter>Sources\GameObject\Components</Filter>
    </ClInclude>
    <ClInclude Include="Engine\Source\ParticleSystemComponent.h">
      <Filter>Sources\GameObject\Components</Filter>
    </ClInclude>
    <ClInclude Include="Engine\Source\ParticleEffect.h">
      <Filter>Particles\Effects</Filter>
    </ClInclude>
    <ClInclude Include="Engine\Source\ParticleEffect_Velocity.h">
      <Filter>Particles\Effects</Filter>
    </ClInclude>
    <ClInclude Include="Engine\Source\ParticleEffect_Acceleration.h">
      <Filter>Particles\Effects</Filter>
    </ClInclude>
    <ClInclude Include="Engine\Source\MonoManager.h">
      <Filter>Sources\Modules</Filter>
    </ClInclude>
    <ClInclude Include="Dependencies\PugiXML\pugiconfig.hpp">
      <Filter>Sources\Libraries\PugiXML</Filter>
    </ClInclude>
    <ClInclude Include="Dependencies\PugiXML\pugixml.hpp">
      <Filter>Sources\Libraries\PugiXML</Filter>
    </ClInclude>
    <ClInclude Include="Engine\Source\ScriptComponent.h">
      <Filter>Sources\GameObject\Components</Filter>
    </ClInclude>
    <ClInclude Include="Engine\Source\TextEditor.h">
      <Filter>Sources\Tools</Filter>
    </ClInclude>
    <ClInclude Include="Engine\Source\TextEditorMenu.h">
      <Filter>Sources\Menus</Filter>
    </ClInclude>
    <ClInclude Include="Dependencies\Extras\IconsFontAwesome5.h">
      <Filter>Sources\Helpers</Filter>
    </ClInclude>
    <ClInclude Include="Engine\Source\Command.h">
      <Filter>Sources\Commands</Filter>
    </ClInclude>
    <ClInclude Include="Engine\Source\GameObjectCommands.h">
      <Filter>Sources\Commands</Filter>
    </ClInclude>
    <ClInclude Include="Engine\Source\CommandsDispatcher.h">
      <Filter>Sources\Commands</Filter>
    </ClInclude>
    <ClInclude Include="Engine\Source\VertexArray.h">
      <Filter>Sources\Buffers</Filter>
    </ClInclude>
    <ClInclude Include="Engine\Source\BufferLayout.h">
      <Filter>Sources\Buffers</Filter>
    </ClInclude>
    <ClInclude Include="Engine\Source\ShaderHelpers.h">
      <Filter>Sources\Buffers</Filter>
    </ClInclude>
    <ClInclude Include="Engine\Source\Lights.h">
      <Filter>Sources\Helpers</Filter>
    </ClInclude>
    <ClInclude Include="Engine\Source\LightComponent.h">
      <Filter>Sources\GameObject\Components</Filter>
    </ClInclude>
    <ClCompile Include="Engine\Source\ListenerComponent.cpp">
      <Filter>Sources\GameObject\Components</Filter>
    </ClCompile>
    <ClCompile Include="Engine\Source\LightComponent.cpp">
      <Filter>Sources\GameObject\Components</Filter>
    </ClCompile>
    <ClCompile Include="Engine\Source\CameraComponent.cpp">
      <Filter>Sources\GameObject\Components</Filter>
    </ClCompile>
    <ClCompile Include="Engine\Source\AudioSourceComponent.cpp">
      <Filter>Sources\GameObject\Components</Filter>
    </ClCompile>
    <ClCompile Include="Engine\Source\AudioReverbZoneComponent.cpp">
      <Filter>Sources\GameObject\Components</Filter>
    </ClCompile>
    <ClCompile Include="Engine\Source\AnimationComponent.cpp">
      <Filter>Sources\GameObject\Components</Filter>
    </ClCompile>
    <ClCompile Include="Engine\Source\Transform2DComponent.cpp">
      <Filter>Sources\GameObject\Components\UI</Filter>
    </ClCompile>
    <ClCompile Include="Engine\Source\SliderComponent.cpp">
      <Filter>Sources\GameObject\Components\UI</Filter>
    </ClCompile>
    <ClCompile Include="Engine\Source\ImageComponent.cpp">
      <Filter>Sources\GameObject\Components\UI</Filter>
    </ClCompile>
    <ClCompile Include="Engine\Source\ButtonComponent.cpp">
      <Filter>Sources\GameObject\Components\UI</Filter>
    </ClCompile>
    <ClCompile Include="Engine\Source\CheckBoxComponent.cpp">
      <Filter>Sources\GameObject\Components\UI</Filter>
    </ClCompile>
    <ClCompile Include="Engine\Source\PrefabManager.cpp">
      <Filter>Sources\GameObject</Filter>
    </ClCompile>
    <ClCompile Include="Engine\Source\GameObject.cpp">
      <Filter>Sources\GameObject</Filter>
    </ClCompile>
    <ClCompile Include="Dependencies\Imgui\ImGuizmo.cpp">
      <Filter>Sources\Libraries\Imgui</Filter>
    </ClCompile>
    <ClCompile Include="Dependencies\Imgui\imgui_widgets.cpp">
      <Filter>Sources\Libraries\Imgui</Filter>
    </ClCompile>
    <ClCompile Include="Dependencies\Imgui\imgui_tables.cpp">
      <Filter>Sources\Libraries\Imgui</Filter>
    </ClCompile>
    <ClCompile Include="Dependencies\Imgui\imgui_stdlib.cpp">
      <Filter>Sources\Libraries\Imgui</Filter>
    </ClCompile>
    <ClCompile Include="Dependencies\Imgui\imgui_impl_sdl.cpp">
      <Filter>Sources\Libraries\Imgui</Filter>
    </ClCompile>
    <ClCompile Include="Dependencies\Imgui\imgui_impl_opengl3.cpp">
      <Filter>Sources\Libraries\Imgui</Filter>
    </ClCompile>
    <ClCompile Include="Dependencies\Imgui\imgui_draw.cpp">
      <Filter>Sources\Libraries\Imgui</Filter>
    </ClCompile>
    <ClCompile Include="Dependencies\Imgui\imgui_demo.cpp">
      <Filter>Sources\Libraries\Imgui</Filter>
    </ClCompile>
    <ClCompile Include="Dependencies\Imgui\imgui.cpp">
      <Filter>Sources\Libraries\Imgui</Filter>
    </ClCompile>
    <ClCompile Include="Dependencies\Imgui\bezier.cpp">
      <Filter>Sources\Libraries\Imgui</Filter>
    </ClCompile>
    <ClCompile Include="Dependencies\json\parson.c">
      <Filter>Sources\Libraries\Json</Filter>
    </ClCompile>
    <ClCompile Include="Dependencies\mmgr\mmgr.cpp">
      <Filter>Sources\Libraries\Mmgr</Filter>
    </ClCompile>
    <ClCompile Include="Dependencies\PugiXML\pugixml.cpp">
      <Filter>Sources\Libraries\PugiXML</Filter>
    </ClCompile>
    <ClCompile Include="Dependencies\Wwise\include\AK\SoundEngine\Win32\stdafx.cpp">
      <Filter>Sources\Libraries\WWise</Filter>
    </ClCompile>
    <ClCompile Include="Dependencies\Wwise\include\AK\SoundEngine\Win32\AkDefaultIOHookBlocking.cpp">
      <Filter>Sources\Libraries\WWise</Filter>
    </ClCompile>
    <ClCompile Include="Dependencies\Wwise\include\AK\SoundEngine\Win32\AkDefaultIOHookDeferred.cpp">
      <Filter>Sources\Libraries\WWise</Filter>
    </ClCompile>
    <ClCompile Include="Dependencies\Wwise\include\AK\SoundEngine\Common\AkDefaultLowLevelIODispatcher.cpp">
      <Filter>Sources\Libraries\WWise</Filter>
    </ClCompile>
    <ClCompile Include="Dependencies\Wwise\include\AK\SoundEngine\Common\AkFileLocationBase.cpp">
      <Filter>Sources\Libraries\WWise</Filter>
    </ClCompile>
    <ClCompile Include="Dependencies\Wwise\include\AK\SoundEngine\Common\AkFilePackage.cpp">
      <Filter>Sources\Libraries\WWise</Filter>
    </ClCompile>
    <ClCompile Include="Dependencies\Wwise\include\AK\SoundEngine\Common\AkFilePackageLUT.cpp">
      <Filter>Sources\Libraries\WWise</Filter>
    </ClCompile>
    <ClCompile Include="Dependencies\Wwise\include\AK\SoundEngine\Common\AkMultipleFileLocation.cpp">
      <Filter>Sources\Libraries\WWise</Filter>
    </ClCompile>
    <ClCompile Include="Dependencies\RecastDetour\NavMeshBuilder.cpp">
      <Filter>Sources\Libraries\RecastDetour</Filter>
    </ClCompile>
    <ClCompile Include="Dependencies\RecastDetour\InputGeom.cpp">
      <Filter>Sources\Libraries\RecastDetour</Filter>
    </ClCompile>
    <ClCompile Include="Dependencies\RecastDetour\ChunkyTriMesh.cpp">
      <Filter>Sources\Libraries\RecastDetour</Filter>
    </ClCompile>
    <ClCompile Include="Dependencies\RecastDetour\DebugUtils\SampleInterfaces.cpp">
      <Filter>Sources\Libraries\RecastDetour\DebugUtils</Filter>
    </ClCompile>
    <ClCompile Include="Dependencies\RecastDetour\DebugUtils\RecastDump.cpp">
      <Filter>Sources\Libraries\RecastDetour\DebugUtils</Filter>
    </ClCompile>
    <ClCompile Include="Dependencies\RecastDetour\DebugUtils\RecastDebugDraw.cpp">
      <Filter>Sources\Libraries\RecastDetour\DebugUtils</Filter>
    </ClCompile>
    <ClCompile Include="Dependencies\RecastDetour\DebugUtils\DetourDebugDraw.cpp">
      <Filter>Sources\Libraries\RecastDetour\DebugUtils</Filter>
    </ClCompile>
    <ClCompile Include="Dependencies\RecastDetour\DebugUtils\DebugDraw.cpp">
      <Filter>Sources\Libraries\RecastDetour\DebugUtils</Filter>
    </ClCompile>
    <ClCompile Include="Dependencies\RecastDetour\Recast\Recast.cpp">
      <Filter>Sources\Libraries\RecastDetour\Recast</Filter>
    </ClCompile>
    <ClCompile Include="Dependencies\RecastDetour\Recast\RecastAlloc.cpp">
      <Filter>Sources\Libraries\RecastDetour\Recast</Filter>
    </ClCompile>
    <ClCompile Include="Dependencies\RecastDetour\Recast\RecastArea.cpp">
      <Filter>Sources\Libraries\RecastDetour\Recast</Filter>
    </ClCompile>
    <ClCompile Include="Dependencies\RecastDetour\Recast\RecastContour.cpp">
      <Filter>Sources\Libraries\RecastDetour\Recast</Filter>
    </ClCompile>
    <ClCompile Include="Dependencies\RecastDetour\Recast\RecastFilter.cpp">
      <Filter>Sources\Libraries\RecastDetour\Recast</Filter>
    </ClCompile>
    <ClCompile Include="Dependencies\RecastDetour\Recast\RecastLayers.cpp">
      <Filter>Sources\Libraries\RecastDetour\Recast</Filter>
    </ClCompile>
    <ClCompile Include="Dependencies\RecastDetour\Recast\RecastMesh.cpp">
      <Filter>Sources\Libraries\RecastDetour\Recast</Filter>
    </ClCompile>
    <ClCompile Include="Dependencies\RecastDetour\Recast\RecastMeshDetail.cpp">
      <Filter>Sources\Libraries\RecastDetour\Recast</Filter>
    </ClCompile>
    <ClCompile Include="Dependencies\RecastDetour\Recast\RecastRasterization.cpp">
      <Filter>Sources\Libraries\RecastDetour\Recast</Filter>
    </ClCompile>
    <ClCompile Include="Dependencies\RecastDetour\Recast\RecastRegion.cpp">
      <Filter>Sources\Libraries\RecastDetour\Recast</Filter>
    </ClCompile>
    <ClCompile Include="Dependencies\RecastDetour\Detour\DetourNode.cpp">
      <Filter>Sources\Libraries\RecastDetour\Detour</Filter>
    </ClCompile>
    <ClCompile Include="Dependencies\RecastDetour\Detour\DetourNavMeshQuery.cpp">
      <Filter>Sources\Libraries\RecastDetour\Detour</Filter>
    </ClCompile>
    <ClCompile Include="Dependencies\RecastDetour\Detour\DetourNavMeshBuilder.cpp">
      <Filter>Sources\Libraries\RecastDetour\Detour</Filter>
    </ClCompile>
    <ClCompile Include="Dependencies\RecastDetour\Detour\DetourNavMesh.cpp">
      <Filter>Sources\Libraries\RecastDetour\Detour</Filter>
    </ClCompile>
    <ClCompile Include="Dependencies\RecastDetour\Detour\DetourCommon.cpp">
      <Filter>Sources\Libraries\RecastDetour\Detour</Filter>
    </ClCompile>
    <ClCompile Include="Dependencies\RecastDetour\Detour\DetourAlloc.cpp">
      <Filter>Sources\Libraries\RecastDetour\Detour</Filter>
    </ClCompile>
    <ClCompile Include="Dependencies\RecastDetour\DetourCrowd\DetourProximityGrid.cpp">
      <Filter>Sources\Libraries\RecastDetour\DetourCrowd</Filter>
    </ClCompile>
    <ClCompile Include="Dependencies\RecastDetour\DetourCrowd\DetourPathQueue.cpp">
      <Filter>Sources\Libraries\RecastDetour\DetourCrowd</Filter>
    </ClCompile>
    <ClCompile Include="Dependencies\RecastDetour\DetourCrowd\DetourPathCorridor.cpp">
      <Filter>Sources\Libraries\RecastDetour\DetourCrowd</Filter>
    </ClCompile>
    <ClCompile Include="Dependencies\RecastDetour\DetourCrowd\DetourObstacleAvoidance.cpp">
      <Filter>Sources\Libraries\RecastDetour\DetourCrowd</Filter>
    </ClCompile>
    <ClCompile Include="Dependencies\RecastDetour\DetourCrowd\DetourLocalBoundary.cpp">
      <Filter>Sources\Libraries\RecastDetour\DetourCrowd</Filter>
    </ClCompile>
    <ClCompile Include="Dependencies\RecastDetour\DetourCrowd\DetourCrowd.cpp">
      <Filter>Sources\Libraries\RecastDetour\DetourCrowd</Filter>
    </ClCompile>
    <ClCompile Include="Dependencies\RecastDetour\DetourTileCache\DetourTileCacheBuilder.cpp">
      <Filter>Sources\Libraries\RecastDetour\DetourTileCache</Filter>
    </ClCompile>
    <ClCompile Include="Dependencies\RecastDetour\DetourTileCache\DetourTileCache.cpp">
      <Filter>Sources\Libraries\RecastDetour\DetourTileCache</Filter>
    </ClCompile>
    <ClCompile Include="Engine\Source\TextureImporter.cpp">
      <Filter>Sources\Resources\Importers</Filter>
    </ClCompile>
    <ClCompile Include="Engine\Source\ShaderImporter.cpp">
      <Filter>Sources\Resources\Importers</Filter>
    </ClCompile>
    <ClCompile Include="Engine\Source\ModelImporter.cpp">
      <Filter>Sources\Resources\Importers</Filter>
    </ClCompile>
    <ClCompile Include="Engine\Source\MeshImporter.cpp">
      <Filter>Sources\Resources\Importers</Filter>
    </ClCompile>
    <ClCompile Include="Engine\Source\AnimationImporter.cpp">
      <Filter>Sources\Resources\Importers</Filter>
    </ClCompile>
    <ClCompile Include="Engine\Source\Animation.cpp">
      <Filter>Sources\Resources</Filter>
    </ClCompile>
    <ClCompile Include="Engine\Source\Bone.cpp">
      <Filter>Sources\Resources</Filter>
    </ClCompile>
    <ClCompile Include="Engine\Source\Mesh.cpp">
      <Filter>Sources\Resources</Filter>
    </ClCompile>
    <ClCompile Include="Engine\Source\Model.cpp">
      <Filter>Sources\Resources</Filter>
    </ClCompile>
    <ClCompile Include="Engine\Source\ResourceManager.cpp">
      <Filter>Sources\Resources</Filter>
    </ClCompile>
    <ClCompile Include="Engine\Source\Texture.cpp">
      <Filter>Sources\Resources</Filter>
    </ClCompile>
    <ClCompile Include="Engine\Source\AssimpDefs.cpp">
      <Filter>Sources\Tools</Filter>
    </ClCompile>
    <ClCompile Include="Engine\Source\EngineTimer.cpp">
      <Filter>Sources\Tools</Filter>
    </ClCompile>
    <ClCompile Include="Engine\Source\GameTimer.cpp">
      <Filter>Sources\Tools</Filter>
    </ClCompile>
    <ClCompile Include="Engine\Source\JsonParsing.cpp">
      <Filter>Sources\Tools</Filter>
    </ClCompile>
    <ClCompile Include="Engine\Source\log.cpp">
      <Filter>Sources\Tools</Filter>
    </ClCompile>
    <ClCompile Include="Engine\Source\TextEditor.cpp">
      <Filter>Sources\Tools</Filter>
    </ClCompile>
    <ClCompile Include="Engine\Source\Timer.cpp">
      <Filter>Sources\Tools</Filter>
    </ClCompile>
    <ClCompile Include="Engine\Source\Component.cpp">
      <Filter>Sources\GameObject\Components</Filter>
    </ClCompile>
    <ClCompile Include="Dependencies\MathGeoLib\include\Geometry\AABB.cpp">
      <Filter>Sources\Libraries\MathGeoLib</Filter>
    </ClCompile>
    <ClCompile Include="Dependencies\MathGeoLib\include\Math\BitOps.cpp">
      <Filter>Sources\Libraries\MathGeoLib</Filter>
    </ClCompile>
    <ClCompile Include="Dependencies\MathGeoLib\include\Math\Callstack.cpp">
      <Filter>Sources\Libraries\MathGeoLib</Filter>
    </ClCompile>
    <ClCompile Include="Dependencies\MathGeoLib\include\Geometry\Capsule.cpp">
      <Filter>Sources\Libraries\MathGeoLib</Filter>
    </ClCompile>
    <ClCompile Include="Dependencies\MathGeoLib\include\Geometry\Circle.cpp">
      <Filter>Sources\Libraries\MathGeoLib</Filter>
    </ClCompile>
    <ClCompile Include="Dependencies\MathGeoLib\include\Geometry\Circle2D.cpp">
      <Filter>Sources\Libraries\MathGeoLib</Filter>
    </ClCompile>
    <ClCompile Include="Dependencies\MathGeoLib\include\Time\Clock.cpp">
      <Filter>Sources\Libraries\MathGeoLib</Filter>
    </ClCompile>
    <ClCompile Include="Dependencies\MathGeoLib\include\Math\float2.cpp">
      <Filter>Sources\Libraries\MathGeoLib</Filter>
    </ClCompile>
    <ClCompile Include="Dependencies\MathGeoLib\include\Math\float3.cpp">
      <Filter>Sources\Libraries\MathGeoLib</Filter>
    </ClCompile>
    <ClCompile Include="Dependencies\MathGeoLib\include\Math\float3x3.cpp">
      <Filter>Sources\Libraries\MathGeoLib</Filter>
    </ClCompile>
    <ClCompile Include="Dependencies\MathGeoLib\include\Math\float3x4.cpp">
      <Filter>Sources\Libraries\MathGeoLib</Filter>
    </ClCompile>
    <ClCompile Include="Dependencies\MathGeoLib\include\Math\float4.cpp">
      <Filter>Sources\Libraries\MathGeoLib</Filter>
    </ClCompile>
    <ClCompile Include="Dependencies\MathGeoLib\include\Math\float4d.cpp">
      <Filter>Sources\Libraries\MathGeoLib</Filter>
    </ClCompile>
    <ClCompile Include="Dependencies\MathGeoLib\include\Math\float4x4.cpp">
      <Filter>Sources\Libraries\MathGeoLib</Filter>
    </ClCompile>
    <ClCompile Include="Dependencies\MathGeoLib\include\Geometry\Frustum.cpp">
      <Filter>Sources\Libraries\MathGeoLib</Filter>
    </ClCompile>
    <ClCompile Include="Dependencies\MathGeoLib\include\Algorithm\GJK.cpp">
      <Filter>Sources\Libraries\MathGeoLib</Filter>
    </ClCompile>
    <ClCompile Include="Dependencies\MathGeoLib\include\Algorithm\GJK2D.cpp">
      <Filter>Sources\Libraries\MathGeoLib</Filter>
    </ClCompile>
    <ClCompile Include="Dependencies\MathGeoLib\include\Math\grisu3.c">
      <Filter>Sources\Libraries\MathGeoLib</Filter>
    </ClCompile>
    <ClCompile Include="Dependencies\MathGeoLib\include\Math\grisu3_cpp.cpp">
      <Filter>Sources\Libraries\MathGeoLib</Filter>
    </ClCompile>
    <ClCompile Include="Dependencies\MathGeoLib\include\Algorithm\Random\LCG.cpp">
      <Filter>Sources\Libraries\MathGeoLib</Filter>
    </ClCompile>
    <ClCompile Include="Dependencies\MathGeoLib\include\Geometry\Line.cpp">
      <Filter>Sources\Libraries\MathGeoLib</Filter>
    </ClCompile>
    <ClCompile Include="Dependencies\MathGeoLib\include\Geometry\LineSegment.cpp">
      <Filter>Sources\Libraries\MathGeoLib</Filter>
    </ClCompile>
    <ClCompile Include="Dependencies\MathGeoLib\include\Geometry\LineSegment2D.cpp">
      <Filter>Sources\Libraries\MathGeoLib</Filter>
    </ClCompile>
    <ClCompile Include="Dependencies\MathGeoLib\include\Math\MathFunc.cpp">
      <Filter>Sources\Libraries\MathGeoLib</Filter>
    </ClCompile>
    <ClCompile Include="Dependencies\MathGeoLib\include\Math\MathLog.cpp">
      <Filter>Sources\Libraries\MathGeoLib</Filter>
    </ClCompile>
    <ClCompile Include="Dependencies\MathGeoLib\include\Math\MathOps.cpp">
      <Filter>Sources\Libraries\MathGeoLib</Filter>
    </ClCompile>
    <ClCompile Include="Dependencies\MathGeoLib\include\Math\MiniFloat.cpp">
      <Filter>Sources\Libraries\MathGeoLib</Filter>
    </ClCompile>
    <ClCompile Include="Dependencies\MathGeoLib\include\Geometry\OBB.cpp">
      <Filter>Sources\Libraries\MathGeoLib</Filter>
    </ClCompile>
    <ClCompile Include="Dependencies\MathGeoLib\include\Geometry\PBVolume.cpp">
      <Filter>Sources\Libraries\MathGeoLib</Filter>
    </ClCompile>
    <ClCompile Include="Dependencies\MathGeoLib\include\Geometry\Plane.cpp">
      <Filter>Sources\Libraries\MathGeoLib</Filter>
    </ClCompile>
    <ClCompile Include="Dependencies\MathGeoLib\include\Geometry\Polygon.cpp">
      <Filter>Sources\Libraries\MathGeoLib</Filter>
    </ClCompile>
    <ClCompile Include="Dependencies\MathGeoLib\include\Geometry\Polyhedron.cpp">
      <Filter>Sources\Libraries\MathGeoLib</Filter>
    </ClCompile>
    <ClCompile Include="Dependencies\MathGeoLib\include\Math\Polynomial.cpp">
      <Filter>Sources\Libraries\MathGeoLib</Filter>
    </ClCompile>
    <ClCompile Include="Dependencies\MathGeoLib\include\Math\Quat.cpp">
      <Filter>Sources\Libraries\MathGeoLib</Filter>
    </ClCompile>
    <ClCompile Include="Dependencies\MathGeoLib\include\Geometry\Ray.cpp">
      <Filter>Sources\Libraries\MathGeoLib</Filter>
    </ClCompile>
    <ClCompile Include="Dependencies\MathGeoLib\include\Algorithm\SAT.cpp">
      <Filter>Sources\Libraries\MathGeoLib</Filter>
    </ClCompile>
    <ClCompile Include="Dependencies\MathGeoLib\include\Geometry\Sphere.cpp">
      <Filter>Sources\Libraries\MathGeoLib</Filter>
    </ClCompile>
    <ClCompile Include="Dependencies\MathGeoLib\include\Math\SSEMath.cpp">
      <Filter>Sources\Libraries\MathGeoLib</Filter>
    </ClCompile>
    <ClCompile Include="Dependencies\MathGeoLib\include\Math\TransformOps.cpp">
      <Filter>Sources\Libraries\MathGeoLib</Filter>
    </ClCompile>
    <ClCompile Include="Dependencies\MathGeoLib\include\Geometry\Triangle.cpp">
      <Filter>Sources\Libraries\MathGeoLib</Filter>
    </ClCompile>
    <ClCompile Include="Dependencies\MathGeoLib\include\Geometry\Triangle2D.cpp">
      <Filter>Sources\Libraries\MathGeoLib</Filter>
    </ClCompile>
    <ClCompile Include="Dependencies\MathGeoLib\include\Geometry\TriangleMesh.cpp">
      <Filter>Sources\Libraries\MathGeoLib</Filter>
    </ClCompile>
    <ClCompile Include="Engine\Source\Application.cpp">
      <Filter>Sources</Filter>
    </ClCompile>
    <ClCompile Include="Engine\Source\FileSystem.cpp">
      <Filter>Sources</Filter>
    </ClCompile>
    <ClCompile Include="Engine\Source\Main.cpp">
      <Filter>Sources</Filter>
    </ClCompile>
    <ClCompile Include="Engine\Source\Quadtree.cpp">
      <Filter>Sources</Filter>
    </ClCompile>
    <ClInclude Include="Dependencies\Imgui\imstb_rectpack.h" />
    <ClInclude Include="Dependencies\RecastDetour\DebugUtils\DebugDraw.h">
      <Filter>Sources\Libraries\RecastDetour\DebugUtils</Filter>
    </ClInclude>
    <ClInclude Include="Dependencies\RecastDetour\DebugUtils\DetourDebugDraw.h">
      <Filter>Sources\Libraries\RecastDetour\DebugUtils</Filter>
    </ClInclude>
    <ClInclude Include="Dependencies\RecastDetour\DebugUtils\RecastDebugDraw.h">
      <Filter>Sources\Libraries\RecastDetour\DebugUtils</Filter>
    </ClInclude>
    <ClInclude Include="Dependencies\RecastDetour\DebugUtils\RecastDump.h">
      <Filter>Sources\Libraries\RecastDetour\DebugUtils</Filter>
    </ClInclude>
    <ClInclude Include="Dependencies\RecastDetour\DebugUtils\SampleInterfaces.h">
      <Filter>Sources\Libraries\RecastDetour\DebugUtils</Filter>
    </ClInclude>
    <ClInclude Include="Dependencies\RecastDetour\Detour\DetourAlloc.h">
      <Filter>Sources\Libraries\RecastDetour\Detour</Filter>
    </ClInclude>
    <ClInclude Include="Dependencies\RecastDetour\Detour\DetourAssert.h">
      <Filter>Sources\Libraries\RecastDetour\Detour</Filter>
    </ClInclude>
    <ClInclude Include="Dependencies\RecastDetour\Detour\DetourCommon.h">
      <Filter>Sources\Libraries\RecastDetour\Detour</Filter>
    </ClInclude>
    <ClInclude Include="Dependencies\RecastDetour\Detour\DetourMath.h">
      <Filter>Sources\Libraries\RecastDetour\Detour</Filter>
    </ClInclude>
    <ClInclude Include="Dependencies\RecastDetour\Detour\DetourNavMesh.h">
      <Filter>Sources\Libraries\RecastDetour\Detour</Filter>
    </ClInclude>
    <ClInclude Include="Dependencies\RecastDetour\Detour\DetourNavMeshBuilder.h">
      <Filter>Sources\Libraries\RecastDetour\Detour</Filter>
    </ClInclude>
    <ClInclude Include="Dependencies\RecastDetour\Detour\DetourNavMeshQuery.h">
      <Filter>Sources\Libraries\RecastDetour\Detour</Filter>
    </ClInclude>
    <ClInclude Include="Dependencies\RecastDetour\Detour\DetourNode.h">
      <Filter>Sources\Libraries\RecastDetour\Detour</Filter>
    </ClInclude>
    <ClInclude Include="Dependencies\RecastDetour\Detour\DetourStatus.h">
      <Filter>Sources\Libraries\RecastDetour\Detour</Filter>
    </ClInclude>
    <ClInclude Include="Dependencies\RecastDetour\DetourCrowd\DetourCrowd.h">
      <Filter>Sources\Libraries\RecastDetour\DetourCrowd</Filter>
    </ClInclude>
    <ClInclude Include="Dependencies\RecastDetour\DetourCrowd\DetourLocalBoundary.h">
      <Filter>Sources\Libraries\RecastDetour\DetourCrowd</Filter>
    </ClInclude>
    <ClInclude Include="Dependencies\RecastDetour\DetourCrowd\DetourObstacleAvoidance.h">
      <Filter>Sources\Libraries\RecastDetour\DetourCrowd</Filter>
    </ClInclude>
    <ClInclude Include="Dependencies\RecastDetour\DetourCrowd\DetourPathCorridor.h">
      <Filter>Sources\Libraries\RecastDetour\DetourCrowd</Filter>
    </ClInclude>
    <ClInclude Include="Dependencies\RecastDetour\DetourCrowd\DetourPathQueue.h">
      <Filter>Sources\Libraries\RecastDetour\DetourCrowd</Filter>
    </ClInclude>
    <ClInclude Include="Dependencies\RecastDetour\DetourCrowd\DetourProximityGrid.h">
      <Filter>Sources\Libraries\RecastDetour\DetourCrowd</Filter>
    </ClInclude>
    <ClInclude Include="Dependencies\RecastDetour\DetourTileCache\DetourTileCacheBuilder.h">
      <Filter>Sources\Libraries\RecastDetour\DetourTileCache</Filter>
    </ClInclude>
    <ClInclude Include="Dependencies\RecastDetour\DetourTileCache\DetourTileCache.h">
      <Filter>Sources\Libraries\RecastDetour\DetourTileCache</Filter>
    </ClInclude>
    <ClInclude Include="Dependencies\RecastDetour\Recast\RecastAlloc.h">
      <Filter>Sources\Libraries\RecastDetour\Recast</Filter>
    </ClInclude>
    <ClInclude Include="Dependencies\RecastDetour\Recast\Recast.h">
      <Filter>Sources\Libraries\RecastDetour\Recast</Filter>
    </ClInclude>
    <ClInclude Include="Dependencies\RecastDetour\Recast\RecastAssert.h">
      <Filter>Sources\Libraries\RecastDetour\Recast</Filter>
    </ClInclude>
    <ClInclude Include="Dependencies\RecastDetour\ChunkyTriMesh.h">
      <Filter>Sources\Libraries\RecastDetour</Filter>
    </ClInclude>
    <ClInclude Include="Dependencies\RecastDetour\InputGeom.h">
      <Filter>Sources\Libraries\RecastDetour</Filter>
    </ClInclude>
    <ClInclude Include="Dependencies\RecastDetour\NavMeshBuilder.h">
      <Filter>Sources\Libraries\RecastDetour</Filter>
    </ClInclude>
    <ClInclude Include="Engine\Source\UIBindings.h">
      <Filter>Sources\Tools\Bindings</Filter>
    </ClInclude>
    <ClInclude Include="Engine\Source\TextureImporter.h">
      <Filter>Sources\Resources\Importers</Filter>
    </ClInclude>
    <ClInclude Include="Dependencies\Wwise\include\AK\SoundEngine\Common\AkFilePackageLUT.h">
      <Filter>Sources\Libraries\WWise</Filter>
    </ClInclude>
    <ClInclude Include="Engine\Source\Quadtree.h">
      <Filter>Sources</Filter>
    </ClInclude>
    <ClInclude Include="resource.h">
      <Filter>Sources</Filter>
    </ClInclude>
    <ClInclude Include="Engine\Source\FileSystem.h">
      <Filter>Sources</Filter>
    </ClInclude>
    <ClInclude Include="Engine\Source\NavAgentComponent.h">
      <Filter>Sources\GameObject\Components</Filter>
    </ClInclude>
    <ClInclude Include="Engine\Source\ParticleEffect_SpawningShape.h">
      <Filter>Particles\Effects</Filter>
    </ClInclude>
    <ClInclude Include="Engine\Source\TextComponent.h">
      <Filter>Sources\GameObject\Components\UI</Filter>
    </ClInclude>
    <ClInclude Include="Engine\Source\DialogueSystem.h">
      <Filter>Sources\GameObject</Filter>
    </ClInclude>
    <ClInclude Include="Engine\Source\ParticleEffect_SphericalSpawn.h">
      <Filter>Particles\Effects\SpawningShapes</Filter>
    </ClInclude>
    <ClInclude Include="Engine\Source\SpawnShape.h">
      <Filter>Particles\Effects\SpawningShapes</Filter>
    </ClInclude>
    <ClInclude Include="Engine\Source\ParticleEffect_ConeSpawn.h">
      <Filter>Particles\Effects\SpawningShapes</Filter>
    </ClInclude>
    <ClInclude Include="Engine\Source\DropDownComponent.h">
      <Filter>Sources\GameObject\Components\UI</Filter>
    </ClInclude>
    <ClInclude Include="Engine\Source\CheckBoxComponent.h">
      <Filter>Sources\GameObject\Components\UI</Filter>
    </ClInclude>
    <ClInclude Include="Engine\Source\InputActionBindings.h">
      <Filter>Sources\Tools\Bindings</Filter>
    </ClInclude>
  </ItemGroup>
  <ItemGroup>
    <ClInclude Include="Engine\Source\C_RigidBody.h">
      <Filter>PhysicsEngine</Filter>
    </ClInclude>
    <ClInclude Include="Engine\Source\Physics3D.h">
      <Filter>PhysicsEngine</Filter>
    </ClInclude>
    <ClInclude Include="Engine\Source\Shapes.h">
      <Filter>PhysicsEngine</Filter>
    </ClInclude>
    <ClInclude Include="Engine\Source\BufferLayout.h">
      <Filter>Sources\Buffers</Filter>
    </ClInclude>
    <ClInclude Include="Engine\Source\Framebuffer.h">
      <Filter>Sources\Buffers</Filter>
    </ClInclude>
    <ClInclude Include="Engine\Source\IndexBuffer.h">
      <Filter>Sources\Buffers</Filter>
    </ClInclude>
    <ClInclude Include="Engine\Source\ShaderHelpers.h">
      <Filter>Sources\Buffers</Filter>
    </ClInclude>
    <ClInclude Include="Engine\Source\TextureBuffer.h">
      <Filter>Sources\Buffers</Filter>
    </ClInclude>
    <ClInclude Include="Engine\Source\VertexArray.h">
      <Filter>Sources\Buffers</Filter>
    </ClInclude>
    <ClInclude Include="Engine\Source\VertexBuffer.h">
      <Filter>Sources\Buffers</Filter>
    </ClInclude>
    <ClInclude Include="Engine\Source\Command.h">
      <Filter>Sources\Commands</Filter>
    </ClInclude>
    <ClInclude Include="Engine\Source\CommandsDispatcher.h">
      <Filter>Sources\Commands</Filter>
    </ClInclude>
    <ClInclude Include="Engine\Source\GameObjectCommands.h">
      <Filter>Sources\Commands</Filter>
    </ClInclude>
    <ClInclude Include="Engine\Source\Color.h">
      <Filter>Sources\Containers</Filter>
    </ClInclude>
    <ClInclude Include="Engine\Source\glmath.h">
      <Filter>Sources\Containers</Filter>
    </ClInclude>
    <ClInclude Include="Engine\Source\Style.h">
      <Filter>Sources\Containers</Filter>
    </ClInclude>
    <ClInclude Include="Engine\Source\Lights.h">
      <Filter>Sources\Materials\Helpers</Filter>
    </ClInclude>
    <ClInclude Include="Engine\Source\Primitives.h">
      <Filter>Sources\Materials\Helpers</Filter>
    </ClInclude>
    <ClInclude Include="Engine\Source\Primitive.h">
      <Filter>Sources\Materials\Helpers</Filter>
    </ClInclude>
    <ClInclude Include="Dependencies\Extras\IconsFontAwesome5.h">
      <Filter>Sources\Materials\Helpers</Filter>
    </ClInclude>
    <ClInclude Include="Engine\Source\Shader.h">
      <Filter>Sources\Materials</Filter>
    </ClInclude>
    <ClInclude Include="Engine\Source\Viewport.h">
      <Filter>Sources\Menus</Filter>
    </ClInclude>
    <ClInclude Include="Engine\Source\TextEditorMenu.h">
      <Filter>Sources\Menus</Filter>
    </ClInclude>
    <ClInclude Include="Engine\Source\NavigatorMenu.h">
      <Filter>Sources\Menus</Filter>
    </ClInclude>
    <ClInclude Include="Engine\Source\Menu.h">
      <Filter>Sources\Menus</Filter>
    </ClInclude>
    <ClInclude Include="Engine\Source\MainMenuBar.h">
      <Filter>Sources\Menus</Filter>
    </ClInclude>
    <ClInclude Include="Engine\Source\InspectorMenu.h">
      <Filter>Sources\Menus</Filter>
    </ClInclude>
    <ClInclude Include="Engine\Source\HierarchyMenu.h">
      <Filter>Sources\Menus</Filter>
    </ClInclude>
    <ClInclude Include="Engine\Source\GameView.h">
      <Filter>Sources\Menus</Filter>
    </ClInclude>
    <ClInclude Include="Engine\Source\FogWarMenu.h">
      <Filter>Sources\Menus</Filter>
    </ClInclude>
    <ClInclude Include="Engine\Source\ContentBrowserMenu.h">
      <Filter>Sources\Menus</Filter>
    </ClInclude>
    <ClInclude Include="Engine\Source\ConsoleMenu.h">
      <Filter>Sources\Menus</Filter>
    </ClInclude>
    <ClInclude Include="Engine\Source\ConfigurationMenu.h">
      <Filter>Sources\Menus</Filter>
    </ClInclude>
    <ClInclude Include="Engine\Source\AboutMenu.h">
      <Filter>Sources\Menus</Filter>
    </ClInclude>
    <ClInclude Include="Engine\Source\MonoManager.h">
      <Filter>Sources\Modules</Filter>
    </ClInclude>
    <ClInclude Include="Engine\Source\ModuleWindow.h">
      <Filter>Sources\Modules</Filter>
    </ClInclude>
    <ClInclude Include="Engine\Source\ModuleUI.h">
      <Filter>Sources\Modules</Filter>
    </ClInclude>
    <ClInclude Include="Engine\Source\ModuleRenderer3D.h">
      <Filter>Sources\Modules</Filter>
    </ClInclude>
    <ClInclude Include="Engine\Source\ModuleNavMesh.h">
      <Filter>Sources\Modules</Filter>
    </ClInclude>
    <ClInclude Include="Engine\Source\ModuleInput.h">
      <Filter>Sources\Modules</Filter>
    </ClInclude>
    <ClInclude Include="Engine\Source\ModuleEditor.h">
      <Filter>Sources\Modules</Filter>
    </ClInclude>
    <ClInclude Include="Engine\Source\ModuleCamera3D.h">
      <Filter>Sources\Modules</Filter>
    </ClInclude>
    <ClInclude Include="Engine\Source\Module.h">
      <Filter>Sources\Modules</Filter>
    </ClInclude>
    <ClInclude Include="Engine\Source\AudioManager.h">
      <Filter>Sources\Modules</Filter>
    </ClInclude>
    <ClInclude Include="Engine\Source\ModuleSceneManager.h">
      <Filter>Sources\Modules</Filter>
    </ClInclude>
    <ClInclude Include="Engine\Source\Scene.h">
      <Filter>Sources\Modules</Filter>
    </ClInclude>
    <ClInclude Include="Engine\Source\TransformComponent.h">
      <Filter>Sources\GameObject\Components</Filter>
    </ClInclude>
    <ClInclude Include="Engine\Source\TextComponent.h">
      <Filter>Sources\GameObject\Components</Filter>
    </ClInclude>
    <ClInclude Include="Engine\Source\ScriptComponent.h">
      <Filter>Sources\GameObject\Components</Filter>
    </ClInclude>
    <ClInclude Include="Engine\Source\MeshComponent.h">
      <Filter>Sources\GameObject\Components</Filter>
    </ClInclude>
    <ClInclude Include="Engine\Source\MaterialComponent.h">
      <Filter>Sources\GameObject\Components</Filter>
    </ClInclude>
    <ClInclude Include="Engine\Source\ListenerComponent.h">
      <Filter>Sources\GameObject\Components</Filter>
    </ClInclude>
    <ClInclude Include="Engine\Source\LightComponent.h">
      <Filter>Sources\GameObject\Components</Filter>
    </ClInclude>
    <ClInclude Include="Engine\Source\CameraComponent.h">
      <Filter>Sources\GameObject\Components</Filter>
    </ClInclude>
    <ClInclude Include="Engine\Source\AudioSourceComponent.h">
      <Filter>Sources\GameObject\Components</Filter>
    </ClInclude>
    <ClInclude Include="Engine\Source\AudioReverbZoneComponent.h">
      <Filter>Sources\GameObject\Components</Filter>
    </ClInclude>
    <ClInclude Include="Engine\Source\AnimationComponent.h">
      <Filter>Sources\GameObject\Components</Filter>
    </ClInclude>
    <ClInclude Include="Engine\Source\Transform2DComponent.h">
      <Filter>Sources\GameObject\Components\UI</Filter>
    </ClInclude>
    <ClInclude Include="Engine\Source\SliderComponent.h">
      <Filter>Sources\GameObject\Components\UI</Filter>
    </ClInclude>
    <ClInclude Include="Engine\Source\ImageComponent.h">
      <Filter>Sources\GameObject\Components\UI</Filter>
    </ClInclude>
    <ClInclude Include="Engine\Source\ButtonComponent.h">
      <Filter>Sources\GameObject\Components\UI</Filter>
    </ClInclude>
    <ClInclude Include="Engine\Source\PrefabManager.h">
      <Filter>Sources\GameObject</Filter>
    </ClInclude>
    <ClInclude Include="Engine\Source\GameObject.h">
      <Filter>Sources\GameObject</Filter>
    </ClInclude>
    <ClInclude Include="Dependencies\glew\include\GL\eglew.h">
      <Filter>Sources\Libraries\Glew</Filter>
    </ClInclude>
    <ClInclude Include="Dependencies\glew\include\GL\glew.h">
      <Filter>Sources\Libraries\Glew</Filter>
    </ClInclude>
    <ClInclude Include="Dependencies\glew\include\GL\glxew.h">
      <Filter>Sources\Libraries\Glew</Filter>
    </ClInclude>
    <ClInclude Include="Dependencies\glew\include\GL\wglew.h">
      <Filter>Sources\Libraries\Glew</Filter>
    </ClInclude>
    <ClInclude Include="Engine\Source\NavAgentBindings.h">
      <Filter>Sources\Tools\Bindings</Filter>
    </ClInclude>
    <ClInclude Include="Engine\Source\ParticleEffect_Size.h">
      <Filter>Particles\Effects</Filter>
    </ClInclude>
    <ClInclude Include="Engine\Source\ParticleEffect_Color.h">
      <Filter>Particles\Effects</Filter>
    </ClInclude>
    <ClInclude Include="Engine\Source\Shader.h">
      <Filter>Sources\Helpers</Filter>
    </ClInclude>
  </ItemGroup>
  <ItemGroup>
    <ClCompile Include="Engine\Source\ModuleCamera3D.cpp">
      <Filter>Sources\Modules</Filter>
    </ClCompile>
    <ClCompile Include="Engine\Source\ModuleInput.cpp">
      <Filter>Sources\Modules</Filter>
    </ClCompile>
    <ClCompile Include="Engine\Source\ModuleRenderer3D.cpp">
      <Filter>Sources\Modules</Filter>
    </ClCompile>
    <ClCompile Include="Engine\Source\ModuleWindow.cpp">
      <Filter>Sources\Modules</Filter>
    </ClCompile>
    <ClCompile Include="Engine\Source\Application.cpp">
      <Filter>Sources</Filter>
    </ClCompile>
    <ClCompile Include="Engine\Source\Main.cpp">
      <Filter>Sources</Filter>
    </ClCompile>
    <ClCompile Include="Engine\Source\log.cpp">
      <Filter>Sources\Tools</Filter>
    </ClCompile>
    <ClCompile Include="Engine\Source\Timer.cpp">
      <Filter>Sources\Tools</Filter>
    </ClCompile>
    <ClCompile Include="Engine\Source\Color.cpp">
      <Filter>Sources\Containers</Filter>
    </ClCompile>
    <ClCompile Include="Engine\Source\glmath.cpp">
      <Filter>Sources\Containers</Filter>
    </ClCompile>
    <ClCompile Include="Engine\Source\ModuleEditor.cpp">
      <Filter>Sources\Modules</Filter>
    </ClCompile>
    <ClCompile Include="Dependencies\Imgui\imgui.cpp">
      <Filter>Sources\Libraries\Imgui</Filter>
    </ClCompile>
    <ClInclude Include="Dependencies\Imgui\imstb_textedit.h">
      <Filter>Sources\Libraries\Imgui</Filter>
    </ClInclude>
    <ClInclude Include="Dependencies\Imgui\imstb_truetype.h">
      <Filter>Sources\Libraries\Imgui</Filter>
    </ClInclude>
    <ClInclude Include="Dependencies\Imgui\ImGuizmo.h">
      <Filter>Sources\Libraries\Imgui</Filter>
    </ClInclude>
    <ClInclude Include="Dependencies\Imgui\ImguiStyle.h">
      <Filter>Sources\Libraries\Imgui</Filter>
    </ClInclude>
    <ClInclude Include="Dependencies\Imgui\imgui_stdlib.h">
      <Filter>Sources\Libraries\Imgui</Filter>
    </ClInclude>
    <ClInclude Include="Dependencies\Imgui\imgui_impl_sdl.h">
      <Filter>Sources\Libraries\Imgui</Filter>
    </ClInclude>
    <ClInclude Include="Dependencies\Imgui\imgui_internal.h">
      <Filter>Sources\Libraries\Imgui</Filter>
    </ClInclude>
    <ClInclude Include="Dependencies\Imgui\imgui_impl_opengl3_loader.h">
      <Filter>Sources\Libraries\Imgui</Filter>
    </ClInclude>
    <ClInclude Include="Dependencies\Imgui\imgui_impl_opengl3.h">
      <Filter>Sources\Libraries\Imgui</Filter>
    </ClInclude>
    <ClInclude Include="Dependencies\Imgui\imgui.h">
      <Filter>Sources\Libraries\Imgui</Filter>
    </ClInclude>
    <ClInclude Include="Dependencies\Imgui\imconfig.h">
      <Filter>Sources\Libraries\Imgui</Filter>
    </ClInclude>
    <ClInclude Include="Dependencies\Imgui\bezier.hpp">
      <Filter>Sources\Libraries\Imgui</Filter>
    </ClInclude>
    <ClInclude Include="Dependencies\json\parson.h">
      <Filter>Sources\Libraries\Json</Filter>
    </ClInclude>
    <ClInclude Include="Dependencies\mmgr\mmgr.h">
      <Filter>Sources\Libraries\Mmgr</Filter>
    </ClInclude>
    <ClInclude Include="Dependencies\mmgr\nommgr.h">
      <Filter>Sources\Libraries\Mmgr</Filter>
    </ClInclude>
    <ClInclude Include="Dependencies\PugiXML\pugixml.hpp">
      <Filter>Sources\Libraries\PugiXML</Filter>
    </ClInclude>
    <ClInclude Include="Dependencies\PugiXML\pugiconfig.hpp">
      <Filter>Sources\Libraries\PugiXML</Filter>
    </ClInclude>
    <ClInclude Include="Dependencies\Wwise\include\AK\SoundEngine\Win32\stdafx.h">
      <Filter>Sources\Libraries\WWise</Filter>
    </ClInclude>
    <ClInclude Include="Dependencies\Wwise\include\AK\SoundEngine\Common\AkMultipleFileLocation.h">
      <Filter>Sources\Libraries\WWise</Filter>
    </ClInclude>
    <ClInclude Include="Dependencies\Wwise\include\AK\SoundEngine\Win32\AkDefaultIOHookBlocking.h">
      <Filter>Sources\Libraries\WWise</Filter>
    </ClInclude>
    <ClInclude Include="Dependencies\Wwise\include\AK\SoundEngine\Win32\AkDefaultIOHookDeferred.h">
      <Filter>Sources\Libraries\WWise</Filter>
    </ClInclude>
    <ClInclude Include="Dependencies\Wwise\include\AK\SoundEngine\Common\AkDefaultLowLevelIODispatcher.h">
      <Filter>Sources\Libraries\WWise</Filter>
    </ClInclude>
    <ClInclude Include="Dependencies\Wwise\include\AK\SoundEngine\Win32\AkFileHelpers.h">
      <Filter>Sources\Libraries\WWise</Filter>
    </ClInclude>
    <ClInclude Include="Dependencies\Wwise\include\AK\SoundEngine\Common\AkFileHelpersBase.h">
      <Filter>Sources\Libraries\WWise</Filter>
    </ClInclude>
    <ClInclude Include="Dependencies\Wwise\include\AK\SoundEngine\Common\AkFileLocationBase.h">
      <Filter>Sources\Libraries\WWise</Filter>
    </ClInclude>
    <ClInclude Include="Dependencies\Wwise\include\AK\SoundEngine\Common\AkFilePackage.h">
      <Filter>Sources\Libraries\WWise</Filter>
    </ClInclude>
    <ClInclude Include="Dependencies\Wwise\include\AK\SoundEngine\Common\AkFilePackageLowLevelIO.h">
      <Filter>Sources\Libraries\WWise</Filter>
    </ClInclude>
    <ClInclude Include="Dependencies\Wwise\include\AK\SoundEngine\Win32\AkFilePackageLowLevelIOBlocking.h">
      <Filter>Sources\Libraries\WWise</Filter>
    </ClInclude>
    <ClInclude Include="Dependencies\Wwise\include\AK\SoundEngine\Win32\AkFilePackageLowLevelIODeferred.h">
      <Filter>Sources\Libraries\WWise</Filter>
    </ClInclude>
    <ClCompile Include="Engine\Source\AudioManager.cpp">
      <Filter>Sources\Modules</Filter>
    </ClCompile>
    <ClCompile Include="Engine\Source\AudioSourceComponent.cpp">
      <Filter>Sources\GameObject\Components</Filter>
    </ClCompile>
    <ClCompile Include="Engine\Source\ListenerComponent.cpp">
      <Filter>Sources\GameObject\Components</Filter>
    </ClCompile>
    <ClCompile Include="Engine\Source\AudioReverbZoneComponent.cpp">
      <Filter>Sources\GameObject\Components</Filter>
    </ClCompile>
    <ClCompile Include="Engine\Source\ParticleEmitter.cpp">
      <Filter>Particles</Filter>
    </ClCompile>
    <ClCompile Include="Engine\Source\BillboardParticleComponent.cpp">
      <Filter>Sources\GameObject\Components</Filter>
    </ClCompile>
    <ClCompile Include="Engine\Source\ParticleSystemComponent.cpp">
      <Filter>Sources\GameObject\Components</Filter>
    </ClCompile>
    <ClCompile Include="Engine\Source\ParticleEffect.cpp">
      <Filter>Particles\Effects</Filter>
    </ClCompile>
    <ClCompile Include="Engine\Source\ParticleEffect_Velocity.cpp">
      <Filter>Particles\Effects</Filter>
    </ClCompile>
    <ClCompile Include="Engine\Source\ParticleEffect_Acceleration.cpp">
      <Filter>Particles\Effects</Filter>
    </ClCompile>
    <ClCompile Include="Engine\Source\MonoManager.cpp">
      <Filter>Sources\Modules</Filter>
    </ClCompile>
    <ClCompile Include="Dependencies\PugiXML\pugixml.cpp">
      <Filter>Sources\Libraries\PugiXML</Filter>
    </ClCompile>
    <ClCompile Include="Engine\Source\ScriptComponent.cpp">
      <Filter>Sources\GameObject\Components</Filter>
    </ClCompile>
    <ClCompile Include="Engine\Source\TextEditor.cpp">
      <Filter>Sources\Tools</Filter>
    </ClCompile>
    <ClCompile Include="Engine\Source\TextEditorMenu.cpp">
      <Filter>Sources\Menus</Filter>
    </ClCompile>
    <ClCompile Include="Engine\Source\GameObjectCommands.cpp">
      <Filter>Sources\Commands</Filter>
    </ClCompile>
    <ClCompile Include="Engine\Source\VertexArray.cpp">
      <Filter>Sources\Buffers</Filter>
    </ClCompile>
    <ClCompile Include="Engine\Source\LightComponent.cpp">
      <Filter>Sources\GameObject\Components</Filter>
    </ClCompile>
    <ClCompile Include="Engine\Source\FogWarMenu.cpp">
      <Filter>Sources\Menus</Filter>
    </ClCompile>
    <ClCompile Include="Engine\Source\ShaderImporter.cpp">
      <Filter>Sources\Resources\Importers</Filter>
    </ClCompile>
    <ClInclude Include="Engine\Source\ShaderImporter.h">
      <Filter>Sources\Resources\Importers</Filter>
    </ClInclude>
    <ClInclude Include="Engine\Source\ModelImporter.h">
      <Filter>Sources\Resources\Importers</Filter>
    </ClInclude>
    <ClInclude Include="Engine\Source\MeshImporter.h">
      <Filter>Sources\Resources\Importers</Filter>
    </ClInclude>
    <ClInclude Include="Engine\Source\AnimationImporter.h">
      <Filter>Sources\Resources\Importers</Filter>
    </ClInclude>
    <ClInclude Include="Engine\Source\Animation.h">
      <Filter>Sources\Resources</Filter>
    </ClInclude>
    <ClInclude Include="Engine\Source\Bone.h">
      <Filter>Sources\Resources</Filter>
    </ClInclude>
    <ClInclude Include="Engine\Source\Mesh.h">
      <Filter>Sources\Resources</Filter>
    </ClInclude>
    <ClInclude Include="Engine\Source\Model.h">
      <Filter>Sources\Resources</Filter>
    </ClInclude>
    <ClInclude Include="Engine\Source\Resource.h">
      <Filter>Sources\Resources</Filter>
    </ClInclude>
    <ClInclude Include="Engine\Source\ResourceManager.h">
      <Filter>Sources\Resources</Filter>
    </ClInclude>
    <ClInclude Include="Engine\Source\Texture.h">
      <Filter>Sources\Resources</Filter>
    </ClInclude>
    <ClInclude Include="Engine\Source\RigidbodyBindings.h">
      <Filter>Sources\Tools\Bindings</Filter>
    </ClInclude>
    <ClInclude Include="Engine\Source\AnimationBindings.h">
      <Filter>Sources\Tools\Bindings</Filter>
    </ClInclude>
    <ClInclude Include="Engine\Source\AudioBindings.h">
      <Filter>Sources\Tools\Bindings</Filter>
    </ClInclude>
    <ClInclude Include="Engine\Source\CameraBindings.h">
      <Filter>Sources\Tools\Bindings</Filter>
    </ClInclude>
    <ClInclude Include="Engine\Source\TransformBindings.h">
      <Filter>Sources\Tools\Bindings</Filter>
    </ClInclude>
    <ClInclude Include="Engine\Source\ScriptBindings.h">
      <Filter>Sources\Tools\Bindings</Filter>
    </ClInclude>
    <ClInclude Include="Engine\Source\AssimpDefs.h">
      <Filter>Sources\Tools</Filter>
    </ClInclude>
    <ClInclude Include="Engine\Source\Dialogs.h">
      <Filter>Sources\Tools</Filter>
    </ClInclude>
    <ClInclude Include="Engine\Source\EngineTimer.h">
      <Filter>Sources\Tools</Filter>
    </ClInclude>
    <ClInclude Include="Engine\Source\GameTimer.h">
      <Filter>Sources\Tools</Filter>
    </ClInclude>
    <ClInclude Include="Engine\Source\Globals.h">
      <Filter>Sources\Tools</Filter>
    </ClInclude>
    <ClInclude Include="Engine\Source\JsonParsing.h">
      <Filter>Sources\Tools</Filter>
    </ClInclude>
    <ClInclude Include="Engine\Source\Profiling.h">
      <Filter>Sources\Tools</Filter>
    </ClInclude>
    <ClInclude Include="Engine\Source\Text.h">
      <Filter>Sources\Tools</Filter>
    </ClInclude>
    <ClInclude Include="Engine\Source\TextEditor.h">
      <Filter>Sources\Tools</Filter>
    </ClInclude>
    <ClInclude Include="Engine\Source\Timer.h">
      <Filter>Sources\Tools</Filter>
    </ClInclude>
    <ClInclude Include="Engine\Source\Component.h">
      <Filter>Sources\GameObject\Components</Filter>
    </ClInclude>
    <ClInclude Include="Dependencies\MathGeoLib\include\Geometry\AABB.h">
      <Filter>Sources\Libraries\MathGeoLib</Filter>
    </ClInclude>
    <ClInclude Include="Dependencies\MathGeoLib\include\Geometry\AABB2D.h">
      <Filter>Sources\Libraries\MathGeoLib</Filter>
    </ClInclude>
    <ClInclude Include="Dependencies\MathGeoLib\include\Math\assume.h">
      <Filter>Sources\Libraries\MathGeoLib</Filter>
    </ClInclude>
    <ClInclude Include="Dependencies\MathGeoLib\include\Math\BitFuncs.h">
      <Filter>Sources\Libraries\MathGeoLib</Filter>
    </ClInclude>
    <ClInclude Include="Dependencies\MathGeoLib\include\Math\BitOps.h">
      <Filter>Sources\Libraries\MathGeoLib</Filter>
    </ClInclude>
    <ClInclude Include="Dependencies\MathGeoLib\include\Math\Callstack.h">
      <Filter>Sources\Libraries\MathGeoLib</Filter>
    </ClInclude>
    <ClInclude Include="Dependencies\MathGeoLib\include\Geometry\Capsule.h">
      <Filter>Sources\Libraries\MathGeoLib</Filter>
    </ClInclude>
    <ClInclude Include="Dependencies\MathGeoLib\include\Geometry\Circle.h">
      <Filter>Sources\Libraries\MathGeoLib</Filter>
    </ClInclude>
    <ClInclude Include="Dependencies\MathGeoLib\include\Geometry\Circle2D.h">
      <Filter>Sources\Libraries\MathGeoLib</Filter>
    </ClInclude>
    <ClInclude Include="Dependencies\MathGeoLib\include\Time\Clock.h">
      <Filter>Sources\Libraries\MathGeoLib</Filter>
    </ClInclude>
    <ClInclude Include="Dependencies\MathGeoLib\include\Math\FixedPoint.h">
      <Filter>Sources\Libraries\MathGeoLib</Filter>
    </ClInclude>
    <ClInclude Include="Dependencies\MathGeoLib\include\Math\float2.h">
      <Filter>Sources\Libraries\MathGeoLib</Filter>
    </ClInclude>
    <ClInclude Include="Dependencies\MathGeoLib\include\Math\float3.h">
      <Filter>Sources\Libraries\MathGeoLib</Filter>
    </ClInclude>
    <ClInclude Include="Dependencies\MathGeoLib\include\Math\float3x3.h">
      <Filter>Sources\Libraries\MathGeoLib</Filter>
    </ClInclude>
    <ClInclude Include="Dependencies\MathGeoLib\include\Math\float3x4.h">
      <Filter>Sources\Libraries\MathGeoLib</Filter>
    </ClInclude>
    <ClInclude Include="Dependencies\MathGeoLib\include\Math\float4.h">
      <Filter>Sources\Libraries\MathGeoLib</Filter>
    </ClInclude>
    <ClInclude Include="Dependencies\MathGeoLib\include\Math\float4_neon.h">
      <Filter>Sources\Libraries\MathGeoLib</Filter>
    </ClInclude>
    <ClInclude Include="Dependencies\MathGeoLib\include\Math\float4_sse.h">
      <Filter>Sources\Libraries\MathGeoLib</Filter>
    </ClInclude>
    <ClInclude Include="Dependencies\MathGeoLib\include\Math\float4d.h">
      <Filter>Sources\Libraries\MathGeoLib</Filter>
    </ClInclude>
    <ClInclude Include="Dependencies\MathGeoLib\include\Math\float4x4.h">
      <Filter>Sources\Libraries\MathGeoLib</Filter>
    </ClInclude>
    <ClInclude Include="Dependencies\MathGeoLib\include\Math\float4x4_neon.h">
      <Filter>Sources\Libraries\MathGeoLib</Filter>
    </ClInclude>
    <ClInclude Include="Dependencies\MathGeoLib\include\Math\float4x4_sse.h">
      <Filter>Sources\Libraries\MathGeoLib</Filter>
    </ClInclude>
    <ClInclude Include="Dependencies\MathGeoLib\include\Math\FloatCmp.h">
      <Filter>Sources\Libraries\MathGeoLib</Filter>
    </ClInclude>
    <ClInclude Include="Dependencies\MathGeoLib\include\Geometry\Frustum.h">
      <Filter>Sources\Libraries\MathGeoLib</Filter>
    </ClInclude>
    <ClInclude Include="Dependencies\MathGeoLib\include\Geometry\GeometryAll.h">
      <Filter>Sources\Libraries\MathGeoLib</Filter>
    </ClInclude>
    <ClInclude Include="Dependencies\MathGeoLib\include\Geometry\GeomType.h">
      <Filter>Sources\Libraries\MathGeoLib</Filter>
    </ClInclude>
    <ClInclude Include="Dependencies\MathGeoLib\include\Algorithm\GJK.h">
      <Filter>Sources\Libraries\MathGeoLib</Filter>
    </ClInclude>
    <ClInclude Include="Dependencies\MathGeoLib\include\Algorithm\GJK2D.h">
      <Filter>Sources\Libraries\MathGeoLib</Filter>
    </ClInclude>
    <ClInclude Include="Dependencies\MathGeoLib\include\Math\grisu3.h">
      <Filter>Sources\Libraries\MathGeoLib</Filter>
    </ClInclude>
    <ClInclude Include="Dependencies\MathGeoLib\include\Geometry\HitInfo.h">
      <Filter>Sources\Libraries\MathGeoLib</Filter>
    </ClInclude>
    <ClInclude Include="Dependencies\MathGeoLib\include\Math\InclWindows.h">
      <Filter>Sources\Libraries\MathGeoLib</Filter>
    </ClInclude>
    <ClInclude Include="Dependencies\MathGeoLib\include\Math\Interpolate.h">
      <Filter>Sources\Libraries\MathGeoLib</Filter>
    </ClInclude>
    <ClInclude Include="Dependencies\MathGeoLib\include\Geometry\KDTree.h">
      <Filter>Sources\Libraries\MathGeoLib</Filter>
    </ClInclude>
    <ClInclude Include="Dependencies\MathGeoLib\include\Algorithm\Random\LCG.h">
      <Filter>Sources\Libraries\MathGeoLib</Filter>
    </ClInclude>
    <ClInclude Include="Dependencies\MathGeoLib\include\emscripten\library_system.h">
      <Filter>Sources\Libraries\MathGeoLib</Filter>
    </ClInclude>
    <ClInclude Include="Dependencies\MathGeoLib\include\Geometry\Line.h">
      <Filter>Sources\Libraries\MathGeoLib</Filter>
    </ClInclude>
    <ClInclude Include="Dependencies\MathGeoLib\include\Geometry\LineSegment.h">
      <Filter>Sources\Libraries\MathGeoLib</Filter>
    </ClInclude>
    <ClInclude Include="Dependencies\MathGeoLib\include\Geometry\LineSegment2D.h">
      <Filter>Sources\Libraries\MathGeoLib</Filter>
    </ClInclude>
    <ClInclude Include="Dependencies\MathGeoLib\include\Math\MathAll.h">
      <Filter>Sources\Libraries\MathGeoLib</Filter>
    </ClInclude>
    <ClInclude Include="Dependencies\MathGeoLib\include\MathBuildConfig.h">
      <Filter>Sources\Libraries\MathGeoLib</Filter>
    </ClInclude>
    <ClInclude Include="Dependencies\MathGeoLib\include\Math\MathConstants.h">
      <Filter>Sources\Libraries\MathGeoLib</Filter>
    </ClInclude>
    <ClInclude Include="Dependencies\MathGeoLib\include\Math\MathFunc.h">
      <Filter>Sources\Libraries\MathGeoLib</Filter>
    </ClInclude>
    <ClInclude Include="Dependencies\MathGeoLib\include\MathGeoLib.h">
      <Filter>Sources\Libraries\MathGeoLib</Filter>
    </ClInclude>
    <ClInclude Include="Dependencies\MathGeoLib\include\MathGeoLibFwd.h">
      <Filter>Sources\Libraries\MathGeoLib</Filter>
    </ClInclude>
    <ClInclude Include="Dependencies\MathGeoLib\include\Math\MathLog.h">
      <Filter>Sources\Libraries\MathGeoLib</Filter>
    </ClInclude>
    <ClInclude Include="Dependencies\MathGeoLib\include\Math\MathNamespace.h">
      <Filter>Sources\Libraries\MathGeoLib</Filter>
    </ClInclude>
    <ClInclude Include="Dependencies\MathGeoLib\include\Math\MathTypes.h">
      <Filter>Sources\Libraries\MathGeoLib</Filter>
    </ClInclude>
    <ClInclude Include="Dependencies\MathGeoLib\include\Math\MatrixProxy.h">
      <Filter>Sources\Libraries\MathGeoLib</Filter>
    </ClInclude>
    <ClInclude Include="Dependencies\MathGeoLib\include\Math\MiniFloat.h">
      <Filter>Sources\Libraries\MathGeoLib</Filter>
    </ClInclude>
    <ClInclude Include="Dependencies\MathGeoLib\include\Math\MultiLineMacro.h">
      <Filter>Sources\Libraries\MathGeoLib</Filter>
    </ClInclude>
    <ClInclude Include="Dependencies\MathGeoLib\include\Math\myassert.h">
      <Filter>Sources\Libraries\MathGeoLib</Filter>
    </ClInclude>
    <ClInclude Include="Dependencies\MathGeoLib\include\Geometry\OBB.h">
      <Filter>Sources\Libraries\MathGeoLib</Filter>
    </ClInclude>
    <ClInclude Include="Dependencies\MathGeoLib\include\Geometry\OBB2D.h">
      <Filter>Sources\Libraries\MathGeoLib</Filter>
    </ClInclude>
    <ClInclude Include="Dependencies\MathGeoLib\include\Geometry\PBVolume.h">
      <Filter>Sources\Libraries\MathGeoLib</Filter>
    </ClInclude>
    <ClInclude Include="Dependencies\MathGeoLib\include\Geometry\Plane.h">
      <Filter>Sources\Libraries\MathGeoLib</Filter>
    </ClInclude>
    <ClInclude Include="Dependencies\MathGeoLib\include\Geometry\Polygon.h">
      <Filter>Sources\Libraries\MathGeoLib</Filter>
    </ClInclude>
    <ClInclude Include="Dependencies\MathGeoLib\include\Geometry\Polygon2DRef.h">
      <Filter>Sources\Libraries\MathGeoLib</Filter>
    </ClInclude>
    <ClInclude Include="Dependencies\MathGeoLib\include\Geometry\Polyhedron.h">
      <Filter>Sources\Libraries\MathGeoLib</Filter>
    </ClInclude>
    <ClInclude Include="Dependencies\MathGeoLib\include\Math\Polynomial.h">
      <Filter>Sources\Libraries\MathGeoLib</Filter>
    </ClInclude>
    <ClInclude Include="Dependencies\MathGeoLib\include\Geometry\QuadTree.h">
      <Filter>Sources\Libraries\MathGeoLib</Filter>
    </ClInclude>
    <ClInclude Include="Dependencies\MathGeoLib\include\Math\Quat.h">
      <Filter>Sources\Libraries\MathGeoLib</Filter>
    </ClInclude>
    <ClInclude Include="Dependencies\MathGeoLib\include\Math\quat_simd.h">
      <Filter>Sources\Libraries\MathGeoLib</Filter>
    </ClInclude>
    <ClInclude Include="Dependencies\MathGeoLib\include\Geometry\Ray.h">
      <Filter>Sources\Libraries\MathGeoLib</Filter>
    </ClInclude>
    <ClInclude Include="Dependencies\MathGeoLib\include\Math\Rect.h">
      <Filter>Sources\Libraries\MathGeoLib</Filter>
    </ClInclude>
    <ClInclude Include="Dependencies\MathGeoLib\include\Math\Reinterpret.h">
      <Filter>Sources\Libraries\MathGeoLib</Filter>
    </ClInclude>
    <ClInclude Include="Dependencies\MathGeoLib\include\Algorithm\SAT.h">
      <Filter>Sources\Libraries\MathGeoLib</Filter>
    </ClInclude>
    <ClInclude Include="Dependencies\MathGeoLib\include\Math\simd.h">
      <Filter>Sources\Libraries\MathGeoLib</Filter>
    </ClInclude>
    <ClInclude Include="Dependencies\MathGeoLib\include\Geometry\Sphere.h">
      <Filter>Sources\Libraries\MathGeoLib</Filter>
    </ClInclude>
    <ClInclude Include="Dependencies\MathGeoLib\include\Math\sse_mathfun.h">
      <Filter>Sources\Libraries\MathGeoLib</Filter>
    </ClInclude>
    <ClInclude Include="Dependencies\MathGeoLib\include\Math\SSEMath.h">
      <Filter>Sources\Libraries\MathGeoLib</Filter>
    </ClInclude>
    <ClInclude Include="Dependencies\MathGeoLib\include\Math\Swap.h">
      <Filter>Sources\Libraries\MathGeoLib</Filter>
    </ClInclude>
    <ClInclude Include="Dependencies\MathGeoLib\include\Math\TransformOps.h">
      <Filter>Sources\Libraries\MathGeoLib</Filter>
    </ClInclude>
    <ClInclude Include="Dependencies\MathGeoLib\include\Geometry\Triangle.h">
      <Filter>Sources\Libraries\MathGeoLib</Filter>
    </ClInclude>
    <ClInclude Include="Dependencies\MathGeoLib\include\Geometry\Triangle2D.h">
      <Filter>Sources\Libraries\MathGeoLib</Filter>
    </ClInclude>
    <ClInclude Include="Dependencies\MathGeoLib\include\Geometry\TriangleMesh.h">
      <Filter>Sources\Libraries\MathGeoLib</Filter>
    </ClInclude>
    <ClInclude Include="Dependencies\MathGeoLib\include\Math\vec2d.h">
      <Filter>Sources\Libraries\MathGeoLib</Filter>
    </ClInclude>
    <ClCompile Include="Engine\Source\C_RigidBody.cpp">
      <Filter>PhysicsEngine</Filter>
    </ClCompile>
    <ClCompile Include="Engine\Source\Physics3D.cpp">
      <Filter>PhysicsEngine</Filter>
    </ClCompile>
    <ClCompile Include="Engine\Source\Shapes.cpp">
      <Filter>PhysicsEngine</Filter>
    </ClCompile>
    <ClCompile Include="Dependencies\Imgui\imgui_stdlib.cpp">
      <Filter>Sources\Libraries\Imgui</Filter>
    </ClCompile>
    <ClCompile Include="Engine\Source\Component.cpp">
      <Filter>Sources\GameObject\Components</Filter>
    </ClCompile>
    <ClCompile Include="Dependencies\RecastDetour\ChunkyTriMesh.cpp">
      <Filter>Sources\Libraries\RecastDetour</Filter>
    </ClCompile>
    <ClCompile Include="Dependencies\RecastDetour\InputGeom.cpp">
      <Filter>Sources\Libraries\RecastDetour</Filter>
    </ClCompile>
    <ClCompile Include="Dependencies\RecastDetour\NavMeshBuilder.cpp">
      <Filter>Sources\Libraries\RecastDetour</Filter>
    </ClCompile>
    <ClCompile Include="Dependencies\RecastDetour\DebugUtils\DebugDraw.cpp">
      <Filter>Sources\Libraries\RecastDetour\DebugUtils</Filter>
    </ClCompile>
    <ClCompile Include="Dependencies\RecastDetour\DebugUtils\DetourDebugDraw.cpp">
      <Filter>Sources\Libraries\RecastDetour\DebugUtils</Filter>
    </ClCompile>
    <ClCompile Include="Dependencies\RecastDetour\DebugUtils\RecastDebugDraw.cpp">
      <Filter>Sources\Libraries\RecastDetour\DebugUtils</Filter>
    </ClCompile>
    <ClCompile Include="Dependencies\RecastDetour\DebugUtils\RecastDump.cpp">
      <Filter>Sources\Libraries\RecastDetour\DebugUtils</Filter>
    </ClCompile>
    <ClCompile Include="Dependencies\RecastDetour\Detour\DetourAlloc.cpp">
      <Filter>Sources\Libraries\RecastDetour\Detour</Filter>
    </ClCompile>
    <ClCompile Include="Dependencies\RecastDetour\Detour\DetourCommon.cpp">
      <Filter>Sources\Libraries\RecastDetour\Detour</Filter>
    </ClCompile>
    <ClCompile Include="Dependencies\RecastDetour\Detour\DetourNavMesh.cpp">
      <Filter>Sources\Libraries\RecastDetour\Detour</Filter>
    </ClCompile>
    <ClCompile Include="Dependencies\RecastDetour\Detour\DetourNavMeshBuilder.cpp">
      <Filter>Sources\Libraries\RecastDetour\Detour</Filter>
    </ClCompile>
    <ClCompile Include="Dependencies\RecastDetour\Detour\DetourNavMeshQuery.cpp">
      <Filter>Sources\Libraries\RecastDetour\Detour</Filter>
    </ClCompile>
    <ClCompile Include="Dependencies\RecastDetour\Detour\DetourNode.cpp">
      <Filter>Sources\Libraries\RecastDetour\Detour</Filter>
    </ClCompile>
    <ClCompile Include="Dependencies\RecastDetour\DetourTileCache\DetourTileCache.cpp">
      <Filter>Sources\Libraries\RecastDetour\DetourTileCache</Filter>
    </ClCompile>
    <ClCompile Include="Dependencies\RecastDetour\DetourTileCache\DetourTileCacheBuilder.cpp">
      <Filter>Sources\Libraries\RecastDetour\DetourTileCache</Filter>
    </ClCompile>
    <ClCompile Include="Dependencies\RecastDetour\Recast\Recast.cpp">
      <Filter>Sources\Libraries\RecastDetour\Recast</Filter>
    </ClCompile>
    <ClCompile Include="Dependencies\RecastDetour\Recast\RecastAlloc.cpp">
      <Filter>Sources\Libraries\RecastDetour\Recast</Filter>
    </ClCompile>
    <ClCompile Include="Dependencies\RecastDetour\Recast\RecastArea.cpp">
      <Filter>Sources\Libraries\RecastDetour\Recast</Filter>
    </ClCompile>
    <ClCompile Include="Dependencies\RecastDetour\Recast\RecastContour.cpp">
      <Filter>Sources\Libraries\RecastDetour\Recast</Filter>
    </ClCompile>
    <ClCompile Include="Dependencies\RecastDetour\Recast\RecastFilter.cpp">
      <Filter>Sources\Libraries\RecastDetour\Recast</Filter>
    </ClCompile>
    <ClCompile Include="Dependencies\RecastDetour\Recast\RecastLayers.cpp">
      <Filter>Sources\Libraries\RecastDetour\Recast</Filter>
    </ClCompile>
    <ClCompile Include="Dependencies\RecastDetour\Recast\RecastMesh.cpp">
      <Filter>Sources\Libraries\RecastDetour\Recast</Filter>
    </ClCompile>
    <ClCompile Include="Dependencies\RecastDetour\Recast\RecastMeshDetail.cpp">
      <Filter>Sources\Libraries\RecastDetour\Recast</Filter>
    </ClCompile>
    <ClCompile Include="Dependencies\RecastDetour\Recast\RecastRasterization.cpp">
      <Filter>Sources\Libraries\RecastDetour\Recast</Filter>
    </ClCompile>
    <ClCompile Include="Dependencies\RecastDetour\Recast\RecastRegion.cpp">
      <Filter>Sources\Libraries\RecastDetour\Recast</Filter>
    </ClCompile>
    <ClCompile Include="Dependencies\RecastDetour\DetourCrowd\DetourCrowd.cpp">
      <Filter>Sources\Libraries\RecastDetour\DetourCrowd</Filter>
    </ClCompile>
    <ClCompile Include="Dependencies\RecastDetour\DetourCrowd\DetourLocalBoundary.cpp">
      <Filter>Sources\Libraries\RecastDetour\DetourCrowd</Filter>
    </ClCompile>
    <ClCompile Include="Dependencies\RecastDetour\DetourCrowd\DetourObstacleAvoidance.cpp">
      <Filter>Sources\Libraries\RecastDetour\DetourCrowd</Filter>
    </ClCompile>
    <ClCompile Include="Dependencies\RecastDetour\DetourCrowd\DetourPathCorridor.cpp">
      <Filter>Sources\Libraries\RecastDetour\DetourCrowd</Filter>
    </ClCompile>
    <ClCompile Include="Dependencies\RecastDetour\DetourCrowd\DetourPathQueue.cpp">
      <Filter>Sources\Libraries\RecastDetour\DetourCrowd</Filter>
    </ClCompile>
    <ClCompile Include="Dependencies\RecastDetour\DetourCrowd\DetourProximityGrid.cpp">
      <Filter>Sources\Libraries\RecastDetour\DetourCrowd</Filter>
    </ClCompile>
    <ClCompile Include="Engine\Source\NavAgentComponent.cpp">
      <Filter>Sources\GameObject\Components</Filter>
    </ClCompile>
    <ClCompile Include="Dependencies\RecastDetour\DebugUtils\SampleInterfaces.cpp">
      <Filter>Sources\Libraries\RecastDetour\DebugUtils</Filter>
    </ClCompile>
    <ClCompile Include="Dependencies\Imgui\bezier.cpp">
      <Filter>Sources\Libraries\Imgui</Filter>
    </ClCompile>
    <ClCompile Include="Engine\Source\ModuleUI.cpp">
      <Filter>Sources\Modules</Filter>
    </ClCompile>
    <ClCompile Include="Engine\Source\ButtonComponent.cpp">
      <Filter>Sources\GameObject\Components\UI</Filter>
    </ClCompile>
    <ClCompile Include="Engine\Source\CheckBoxComponent.cpp">
      <Filter>Sources\GameObject\Components\UI</Filter>
    </ClCompile>
    <ClCompile Include="Engine\Source\SliderComponent.cpp">
      <Filter>Sources\GameObject\Components\UI</Filter>
    </ClCompile>
    <ClCompile Include="Engine\Source\Transform2DComponent.cpp">
      <Filter>Sources\GameObject\Components\UI</Filter>
    </ClCompile>
    <ClCompile Include="Engine\Source\ImageComponent.cpp">
      <Filter>Sources\GameObject\Components\UI</Filter>
    </ClCompile>
    <ClCompile Include="Engine\Source\ModuleSceneManager.cpp">
      <Filter>Sources\Modules</Filter>
    </ClCompile>
    <ClCompile Include="Engine\Source\Scene.cpp">
      <Filter>Sources\Modules</Filter>
    </ClCompile>
    <ClCompile Include="Engine\Source\NavigatorMenu.cpp">
      <Filter>Sources\Menus</Filter>
    </ClCompile>
    <ClCompile Include="Engine\Source\ModuleNavMesh.cpp">
      <Filter>Sources\Modules</Filter>
    </ClCompile>
    <ClCompile Include="Engine\Source\ParticleEffect_Size.cpp">
      <Filter>Particles\Effects</Filter>
    </ClCompile>
    <ClCompile Include="Engine\Source\ParticleEffect_Color.cpp">
      <Filter>Particles\Effects</Filter>
    </ClCompile>
    <ClCompile Include="Engine\Source\Shader.cpp">
      <Filter>Sources\Helpers</Filter>
    </ClCompile>
    <ClCompile Include="Engine\Source\IndexBuffer.cpp">
      <Filter>Sources\Buffers</Filter>
    </ClCompile>
    <ClCompile Include="Engine\Source\TextureBuffer.cpp">
      <Filter>Sources\Buffers</Filter>
    </ClCompile>
    <ClCompile Include="Engine\Source\VertexBuffer.cpp">
      <Filter>Sources\Buffers</Filter>
    </ClCompile>
    <ClCompile Include="Engine\Source\Framebuffer.cpp">
      <Filter>Sources\Buffers</Filter>
    </ClCompile>
    <ClCompile Include="Engine\Source\MaterialComponent.cpp">
      <Filter>Sources\GameObject\Components</Filter>
    </ClCompile>
    <ClCompile Include="Engine\Source\MeshComponent.cpp">
      <Filter>Sources\GameObject\Components</Filter>
    </ClCompile>
    <ClCompile Include="Engine\Source\CommandsDispatcher.cpp">
      <Filter>Sources\Commands</Filter>
    </ClCompile>
    <ClCompile Include="Engine\Source\InputActionMenu.cpp">
      <Filter>Sources\Menus</Filter>
    </ClCompile>
    <ClCompile Include="Engine\Source\InputActionComponent.cpp">
      <Filter>Sources\GameObject\Components</Filter>
    </ClCompile>
    <ClCompile Include="Engine\Source\NavAgentComponent.cpp">
      <Filter>Sources\GameObject\Components</Filter>
    </ClCompile>
    <ClCompile Include="Engine\Source\ParticleEffect_SpawningShape.cpp">
      <Filter>Particles\Effects</Filter>
    </ClCompile>
    <ClCompile Include="Engine\Source\TextComponent.cpp">
      <Filter>Sources\GameObject\Components\UI</Filter>
    </ClCompile>
    <ClCompile Include="Engine\Source\DialogueSystem.cpp">
      <Filter>Sources\GameObject</Filter>
    </ClCompile>
    <ClCompile Include="Engine\Source\TextComponent.cpp">
      <Filter>Sources\GameObject\Components\UI</Filter>
    </ClCompile>
    <ClCompile Include="Engine\Source\ParticleEffect_SphericalSpawn.cpp">
      <Filter>Particles\Effects\SpawningShapes</Filter>
    </ClCompile>
    <ClCompile Include="Engine\Source\SpawnShape.cpp">
      <Filter>Particles\Effects\SpawningShapes</Filter>
    </ClCompile>
    <ClCompile Include="Engine\Source\ParticleEffect_ConeSpawn.cpp">
      <Filter>Particles\Effects\SpawningShapes</Filter>
    </ClCompile>
    <ClCompile Include="Engine\Source\DropDownComponent.cpp">
      <Filter>Sources\GameObject\Components\UI</Filter>
    </ClCompile>
  </ItemGroup>
  <ItemGroup>
    <ResourceCompile Include="Ragnar Engine.rc" />
  </ItemGroup>
  <ItemGroup>
    <Image Include="Output\Settings\EngineResources\logo.ico" />
  </ItemGroup>
  <ItemGroup>
    <None Include="Dependencies\Wwise\include\AK\SoundEngine\Common\AkFilePackageLowLevelIO.inl">
      <Filter>Sources\Libraries\WWise</Filter>
    </None>
    <None Include="Dependencies\MathGeoLib\include\Math\float2.inl">
      <Filter>Sources\Libraries\MathGeoLib</Filter>
    </None>
    <None Include="Dependencies\MathGeoLib\include\Geometry\KDTree.inl">
      <Filter>Sources\Libraries\MathGeoLib</Filter>
    </None>
    <None Include="Dependencies\MathGeoLib\include\Math\Matrix.inl">
      <Filter>Sources\Libraries\MathGeoLib</Filter>
    </None>
    <None Include="Dependencies\MathGeoLib\include\Geometry\QuadTree.inl">
      <Filter>Sources\Libraries\MathGeoLib</Filter>
    </None>
    <None Include="Dependencies\MathGeoLib\include\Geometry\TriangleMesh_IntersectRay_AVX.inl">
      <Filter>Sources\Libraries\MathGeoLib</Filter>
    </None>
    <None Include="Dependencies\MathGeoLib\include\Geometry\TriangleMesh_IntersectRay_CPP.inl">
      <Filter>Sources\Libraries\MathGeoLib</Filter>
    </None>
    <None Include="Dependencies\MathGeoLib\include\Geometry\TriangleMesh_IntersectRay_SSE.inl">
      <Filter>Sources\Libraries\MathGeoLib</Filter>
    </None>
  </ItemGroup>
  <ItemGroup>
    <Filter Include="PhysicsEngine">
      <UniqueIdentifier>{e46831d9-4255-481a-a4f7-2773dbf812d2}</UniqueIdentifier>
    </Filter>
    <Filter Include="Sources">
      <UniqueIdentifier>{e84c9a69-3c13-49d5-b41a-4d8955784d2a}</UniqueIdentifier>
    </Filter>
    <Filter Include="Sources\Buffers">
      <UniqueIdentifier>{fbc6ac32-961d-43b8-97ce-ad10257ca62d}</UniqueIdentifier>
    </Filter>
    <Filter Include="Sources\Commands">
      <UniqueIdentifier>{7125c1e5-b6a3-444b-abbf-b123644dc6a0}</UniqueIdentifier>
    </Filter>
    <Filter Include="Sources\Containers">
      <UniqueIdentifier>{d45582c3-9006-484c-a4ac-13c85d4ee559}</UniqueIdentifier>
    </Filter>
    <Filter Include="Sources\GameObject">
      <UniqueIdentifier>{98841ede-7141-4338-b2b7-22be5cc94d26}</UniqueIdentifier>
    </Filter>
    <Filter Include="Sources\Libraries">
      <UniqueIdentifier>{d5cecf0a-01fb-4502-b624-6829b214fff6}</UniqueIdentifier>
    </Filter>
    <Filter Include="Sources\Materials">
      <UniqueIdentifier>{ce275459-be17-45c1-b822-382ea4324cd5}</UniqueIdentifier>
    </Filter>
    <Filter Include="Sources\Menus">
      <UniqueIdentifier>{c228a6c9-9051-41f6-a098-35a28a6807b0}</UniqueIdentifier>
    </Filter>
    <Filter Include="Sources\Modules">
      <UniqueIdentifier>{68b33c7c-cf74-4d84-b2fc-c65f46494d99}</UniqueIdentifier>
    </Filter>
    <Filter Include="Sources\Resources">
      <UniqueIdentifier>{9944d8ce-4af3-42c5-ad77-f41c4e9db967}</UniqueIdentifier>
    </Filter>
    <Filter Include="Sources\Materials\Helpers">
      <UniqueIdentifier>{6ed145ff-68c1-46ea-9171-ead3ccf22f8a}</UniqueIdentifier>
    </Filter>
    <Filter Include="Sources\Tools">
      <UniqueIdentifier>{4ad8f166-f14c-41cc-b066-d4bab7fafe19}</UniqueIdentifier>
    </Filter>
    <Filter Include="Sources\Tools\Bindings">
      <UniqueIdentifier>{60e3d4a2-3991-44d5-852f-4346a5434dcf}</UniqueIdentifier>
    </Filter>
    <Filter Include="Sources\GameObject\Components">
      <UniqueIdentifier>{6645bff7-43fb-43cc-9fb3-87fcce8fb87a}</UniqueIdentifier>
    </Filter>
    <Filter Include="Sources\GameObject\Components\UI">
      <UniqueIdentifier>{dc85afd7-0e33-4f5a-b7b4-564f55bcf80d}</UniqueIdentifier>
    </Filter>
    <Filter Include="Sources\Libraries\Glew">
      <UniqueIdentifier>{3222f51d-d58d-41db-a9d0-bd32945a86d4}</UniqueIdentifier>
    </Filter>
    <Filter Include="Sources\Libraries\Imgui">
      <UniqueIdentifier>{426a5053-7089-4573-8ef8-7b4e1079e0a5}</UniqueIdentifier>
    </Filter>
    <Filter Include="Sources\Libraries\Json">
      <UniqueIdentifier>{711ae891-4167-4cbc-adc5-b03a2a498c11}</UniqueIdentifier>
    </Filter>
    <Filter Include="Sources\Libraries\MathGeoLib">
      <UniqueIdentifier>{8368e28d-db4c-4fab-8673-623dade1bf1a}</UniqueIdentifier>
    </Filter>
    <Filter Include="Sources\Libraries\Mmgr">
      <UniqueIdentifier>{35cf3e33-139d-4ad8-8d5d-455788b91807}</UniqueIdentifier>
    </Filter>
    <Filter Include="Sources\Libraries\PugiXML">
      <UniqueIdentifier>{f8d81e9b-467c-405b-a28f-39208fb8d878}</UniqueIdentifier>
    </Filter>
    <Filter Include="Sources\Libraries\RecastDetour">
      <UniqueIdentifier>{0b99e7e2-7334-401d-a8c8-f30b40cba458}</UniqueIdentifier>
    </Filter>
    <Filter Include="Sources\Libraries\WWise">
      <UniqueIdentifier>{c1924c0d-0ac1-4899-824f-9cda745ceb72}</UniqueIdentifier>
    </Filter>
    <Filter Include="Sources\Libraries\RecastDetour\DebugUtils">
      <UniqueIdentifier>{860c7e91-0f0c-4464-8e82-d26548240f8d}</UniqueIdentifier>
    </Filter>
    <Filter Include="Sources\Libraries\RecastDetour\Detour">
      <UniqueIdentifier>{426361d2-0911-4f35-9299-3425e8377675}</UniqueIdentifier>
    </Filter>
    <Filter Include="Sources\Libraries\RecastDetour\DetourCrowd">
      <UniqueIdentifier>{b43c9962-0b5a-41c9-abf1-e1eee3ce5ee2}</UniqueIdentifier>
    </Filter>
    <Filter Include="Sources\Libraries\RecastDetour\DetourTileCache">
      <UniqueIdentifier>{217c4e14-3598-4fa8-a53e-43bd4340d3e2}</UniqueIdentifier>
    </Filter>
    <Filter Include="Sources\Libraries\RecastDetour\Recast">
      <UniqueIdentifier>{29e99488-6ea5-4997-bf5e-63453cdbc4b8}</UniqueIdentifier>
    </Filter>
    <Filter Include="Sources\Resources\Importers">
      <UniqueIdentifier>{e7806367-75ab-47e1-9efa-dbfc39df4d13}</UniqueIdentifier>
    </Filter>
  </ItemGroup>
</Project>